// !$*UTF8*$!
{
	archiveVersion = 1;
	classes = {
	};
	objectVersion = 46;
	objects = {

/* Begin PBXBuildFile section */
		D13D216B1931422800527710 /* Foundation.framework in Frameworks */ = {isa = PBXBuildFile; fileRef = D13D216A1931422700527710 /* Foundation.framework */; };
		D13D216D1931422800527710 /* CoreGraphics.framework in Frameworks */ = {isa = PBXBuildFile; fileRef = D13D216C1931422800527710 /* CoreGraphics.framework */; };
		D13D216F1931422800527710 /* UIKit.framework in Frameworks */ = {isa = PBXBuildFile; fileRef = D13D216E1931422800527710 /* UIKit.framework */; };
		D13D21711931422800527710 /* CoreData.framework in Frameworks */ = {isa = PBXBuildFile; fileRef = D13D21701931422800527710 /* CoreData.framework */; };
		D13D21771931422800527710 /* InfoPlist.strings in Resources */ = {isa = PBXBuildFile; fileRef = D13D21751931422800527710 /* InfoPlist.strings */; };
		D13D21791931422800527710 /* main.m in Sources */ = {isa = PBXBuildFile; fileRef = D13D21781931422800527710 /* main.m */; };
		D13D217D1931422800527710 /* AppDelegate.m in Sources */ = {isa = PBXBuildFile; fileRef = D13D217C1931422800527710 /* AppDelegate.m */; };
		D13D21801931422800527710 /* Main.storyboard in Resources */ = {isa = PBXBuildFile; fileRef = D13D217E1931422800527710 /* Main.storyboard */; };
		D13D21831931422800527710 /* ProjectDico.xcdatamodeld in Sources */ = {isa = PBXBuildFile; fileRef = D13D21811931422800527710 /* ProjectDico.xcdatamodeld */; };
		D13D21861931422800527710 /* MasterViewController.m in Sources */ = {isa = PBXBuildFile; fileRef = D13D21851931422800527710 /* MasterViewController.m */; };
		D13D21891931422800527710 /* DetailViewController.m in Sources */ = {isa = PBXBuildFile; fileRef = D13D21881931422800527710 /* DetailViewController.m */; };
		D13D218B1931422800527710 /* Images.xcassets in Resources */ = {isa = PBXBuildFile; fileRef = D13D218A1931422800527710 /* Images.xcassets */; };
		D13D21921931422800527710 /* XCTest.framework in Frameworks */ = {isa = PBXBuildFile; fileRef = D13D21911931422800527710 /* XCTest.framework */; };
		D13D21931931422800527710 /* Foundation.framework in Frameworks */ = {isa = PBXBuildFile; fileRef = D13D216A1931422700527710 /* Foundation.framework */; };
		D13D21941931422800527710 /* UIKit.framework in Frameworks */ = {isa = PBXBuildFile; fileRef = D13D216E1931422800527710 /* UIKit.framework */; };
		D13D21951931422800527710 /* CoreData.framework in Frameworks */ = {isa = PBXBuildFile; fileRef = D13D21701931422800527710 /* CoreData.framework */; };
		D13D219D1931422800527710 /* InfoPlist.strings in Resources */ = {isa = PBXBuildFile; fileRef = D13D219B1931422800527710 /* InfoPlist.strings */; };
		D13D219F1931422800527710 /* ProjectDicoTests.m in Sources */ = {isa = PBXBuildFile; fileRef = D13D219E1931422800527710 /* ProjectDicoTests.m */; };
		D171D37A19316682007F525D /* Parse.framework in Frameworks */ = {isa = PBXBuildFile; fileRef = D171D37919316682007F525D /* Parse.framework */; };
		D171D37C193166BA007F525D /* AudioToolbox.framework in Frameworks */ = {isa = PBXBuildFile; fileRef = D171D37B193166BA007F525D /* AudioToolbox.framework */; };
		D171D37E193166C2007F525D /* CFNetwork.framework in Frameworks */ = {isa = PBXBuildFile; fileRef = D171D37D193166C2007F525D /* CFNetwork.framework */; };
		D171D380193166D0007F525D /* CoreLocation.framework in Frameworks */ = {isa = PBXBuildFile; fileRef = D171D37F193166D0007F525D /* CoreLocation.framework */; };
		D171D382193166D7007F525D /* libz.dylib in Frameworks */ = {isa = PBXBuildFile; fileRef = D171D381193166D7007F525D /* libz.dylib */; };
		D171D384193166E2007F525D /* MobileCoreServices.framework in Frameworks */ = {isa = PBXBuildFile; fileRef = D171D383193166E2007F525D /* MobileCoreServices.framework */; };
		D171D386193166E8007F525D /* QuartzCore.framework in Frameworks */ = {isa = PBXBuildFile; fileRef = D171D385193166E8007F525D /* QuartzCore.framework */; };
		D171D388193166EF007F525D /* Security.framework in Frameworks */ = {isa = PBXBuildFile; fileRef = D171D387193166EF007F525D /* Security.framework */; };
		D171D38A193166F7007F525D /* StoreKit.framework in Frameworks */ = {isa = PBXBuildFile; fileRef = D171D389193166F7007F525D /* StoreKit.framework */; };
		D171D38C193166FF007F525D /* SystemConfiguration.framework in Frameworks */ = {isa = PBXBuildFile; fileRef = D171D38B193166FE007F525D /* SystemConfiguration.framework */; };
		D171D39019316B1E007F525D /* FacebookSDK.framework in Frameworks */ = {isa = PBXBuildFile; fileRef = D171D38F19316B1E007F525D /* FacebookSDK.framework */; };
		D171D39319316F08007F525D /* LoginViewController.m in Sources */ = {isa = PBXBuildFile; fileRef = D171D39219316F08007F525D /* LoginViewController.m */; };
		D171D39719317150007F525D /* UserDetailsViewController.m in Sources */ = {isa = PBXBuildFile; fileRef = D171D39619317150007F525D /* UserDetailsViewController.m */; };
		D17692731932B1D50096A662 /* Constants.m in Sources */ = {isa = PBXBuildFile; fileRef = D17692721932B1D50096A662 /* Constants.m */; };
		D17692781932B60F0096A662 /* Reachability.m in Sources */ = {isa = PBXBuildFile; fileRef = D17692771932B60F0096A662 /* Reachability.m */; };
		D176927B1932B7AF0096A662 /* WelcomeViewController.m in Sources */ = {isa = PBXBuildFile; fileRef = D176927A1932B7AF0096A662 /* WelcomeViewController.m */; };
		D176927E1932B82D0096A662 /* Utility.m in Sources */ = {isa = PBXBuildFile; fileRef = D176927D1932B82D0096A662 /* Utility.m */; };
		D1E7C6EA19315B500035FCFF /* CategoryTVC.m in Sources */ = {isa = PBXBuildFile; fileRef = D1E7C6E919315B500035FCFF /* CategoryTVC.m */; };
		D1E7C6ED19315B650035FCFF /* SubcategoryTVC.m in Sources */ = {isa = PBXBuildFile; fileRef = D1E7C6EC19315B650035FCFF /* SubcategoryTVC.m */; };
/* End PBXBuildFile section */

/* Begin PBXContainerItemProxy section */
		D13D21961931422800527710 /* PBXContainerItemProxy */ = {
			isa = PBXContainerItemProxy;
			containerPortal = D13D215F1931422700527710 /* Project object */;
			proxyType = 1;
			remoteGlobalIDString = D13D21661931422700527710;
			remoteInfo = ProjectDico;
		};
/* End PBXContainerItemProxy section */

/* Begin PBXFileReference section */
		D13D21671931422700527710 /* ProjectDico.app */ = {isa = PBXFileReference; explicitFileType = wrapper.application; includeInIndex = 0; path = ProjectDico.app; sourceTree = BUILT_PRODUCTS_DIR; };
		D13D216A1931422700527710 /* Foundation.framework */ = {isa = PBXFileReference; lastKnownFileType = wrapper.framework; name = Foundation.framework; path = System/Library/Frameworks/Foundation.framework; sourceTree = SDKROOT; };
		D13D216C1931422800527710 /* CoreGraphics.framework */ = {isa = PBXFileReference; lastKnownFileType = wrapper.framework; name = CoreGraphics.framework; path = System/Library/Frameworks/CoreGraphics.framework; sourceTree = SDKROOT; };
		D13D216E1931422800527710 /* UIKit.framework */ = {isa = PBXFileReference; lastKnownFileType = wrapper.framework; name = UIKit.framework; path = System/Library/Frameworks/UIKit.framework; sourceTree = SDKROOT; };
		D13D21701931422800527710 /* CoreData.framework */ = {isa = PBXFileReference; lastKnownFileType = wrapper.framework; name = CoreData.framework; path = System/Library/Frameworks/CoreData.framework; sourceTree = SDKROOT; };
		D13D21741931422800527710 /* ProjectDico-Info.plist */ = {isa = PBXFileReference; lastKnownFileType = text.plist.xml; path = "ProjectDico-Info.plist"; sourceTree = "<group>"; };
		D13D21761931422800527710 /* en */ = {isa = PBXFileReference; lastKnownFileType = text.plist.strings; name = en; path = en.lproj/InfoPlist.strings; sourceTree = "<group>"; };
		D13D21781931422800527710 /* main.m */ = {isa = PBXFileReference; lastKnownFileType = sourcecode.c.objc; path = main.m; sourceTree = "<group>"; };
		D13D217A1931422800527710 /* ProjectDico-Prefix.pch */ = {isa = PBXFileReference; lastKnownFileType = sourcecode.c.h; path = "ProjectDico-Prefix.pch"; sourceTree = "<group>"; };
		D13D217B1931422800527710 /* AppDelegate.h */ = {isa = PBXFileReference; lastKnownFileType = sourcecode.c.h; path = AppDelegate.h; sourceTree = "<group>"; };
		D13D217C1931422800527710 /* AppDelegate.m */ = {isa = PBXFileReference; lastKnownFileType = sourcecode.c.objc; path = AppDelegate.m; sourceTree = "<group>"; };
		D13D217F1931422800527710 /* Base */ = {isa = PBXFileReference; lastKnownFileType = file.storyboard; name = Base; path = Base.lproj/Main.storyboard; sourceTree = "<group>"; };
		D13D21821931422800527710 /* ProjectDico.xcdatamodel */ = {isa = PBXFileReference; lastKnownFileType = wrapper.xcdatamodel; path = ProjectDico.xcdatamodel; sourceTree = "<group>"; };
		D13D21841931422800527710 /* MasterViewController.h */ = {isa = PBXFileReference; lastKnownFileType = sourcecode.c.h; path = MasterViewController.h; sourceTree = "<group>"; };
		D13D21851931422800527710 /* MasterViewController.m */ = {isa = PBXFileReference; lastKnownFileType = sourcecode.c.objc; path = MasterViewController.m; sourceTree = "<group>"; };
		D13D21871931422800527710 /* DetailViewController.h */ = {isa = PBXFileReference; lastKnownFileType = sourcecode.c.h; path = DetailViewController.h; sourceTree = "<group>"; };
		D13D21881931422800527710 /* DetailViewController.m */ = {isa = PBXFileReference; lastKnownFileType = sourcecode.c.objc; path = DetailViewController.m; sourceTree = "<group>"; };
		D13D218A1931422800527710 /* Images.xcassets */ = {isa = PBXFileReference; lastKnownFileType = folder.assetcatalog; path = Images.xcassets; sourceTree = "<group>"; };
		D13D21901931422800527710 /* ProjectDicoTests.xctest */ = {isa = PBXFileReference; explicitFileType = wrapper.cfbundle; includeInIndex = 0; path = ProjectDicoTests.xctest; sourceTree = BUILT_PRODUCTS_DIR; };
		D13D21911931422800527710 /* XCTest.framework */ = {isa = PBXFileReference; lastKnownFileType = wrapper.framework; name = XCTest.framework; path = Library/Frameworks/XCTest.framework; sourceTree = DEVELOPER_DIR; };
		D13D219A1931422800527710 /* ProjectDicoTests-Info.plist */ = {isa = PBXFileReference; lastKnownFileType = text.plist.xml; path = "ProjectDicoTests-Info.plist"; sourceTree = "<group>"; };
		D13D219C1931422800527710 /* en */ = {isa = PBXFileReference; lastKnownFileType = text.plist.strings; name = en; path = en.lproj/InfoPlist.strings; sourceTree = "<group>"; };
		D13D219E1931422800527710 /* ProjectDicoTests.m */ = {isa = PBXFileReference; lastKnownFileType = sourcecode.c.objc; path = ProjectDicoTests.m; sourceTree = "<group>"; };
		D171D37919316682007F525D /* Parse.framework */ = {isa = PBXFileReference; lastKnownFileType = wrapper.framework; path = Parse.framework; sourceTree = "<group>"; };
		D171D37B193166BA007F525D /* AudioToolbox.framework */ = {isa = PBXFileReference; lastKnownFileType = wrapper.framework; name = AudioToolbox.framework; path = System/Library/Frameworks/AudioToolbox.framework; sourceTree = SDKROOT; };
		D171D37D193166C2007F525D /* CFNetwork.framework */ = {isa = PBXFileReference; lastKnownFileType = wrapper.framework; name = CFNetwork.framework; path = System/Library/Frameworks/CFNetwork.framework; sourceTree = SDKROOT; };
		D171D37F193166D0007F525D /* CoreLocation.framework */ = {isa = PBXFileReference; lastKnownFileType = wrapper.framework; name = CoreLocation.framework; path = System/Library/Frameworks/CoreLocation.framework; sourceTree = SDKROOT; };
		D171D381193166D7007F525D /* libz.dylib */ = {isa = PBXFileReference; lastKnownFileType = "compiled.mach-o.dylib"; name = libz.dylib; path = usr/lib/libz.dylib; sourceTree = SDKROOT; };
		D171D383193166E2007F525D /* MobileCoreServices.framework */ = {isa = PBXFileReference; lastKnownFileType = wrapper.framework; name = MobileCoreServices.framework; path = System/Library/Frameworks/MobileCoreServices.framework; sourceTree = SDKROOT; };
		D171D385193166E8007F525D /* QuartzCore.framework */ = {isa = PBXFileReference; lastKnownFileType = wrapper.framework; name = QuartzCore.framework; path = System/Library/Frameworks/QuartzCore.framework; sourceTree = SDKROOT; };
		D171D387193166EF007F525D /* Security.framework */ = {isa = PBXFileReference; lastKnownFileType = wrapper.framework; name = Security.framework; path = System/Library/Frameworks/Security.framework; sourceTree = SDKROOT; };
		D171D389193166F7007F525D /* StoreKit.framework */ = {isa = PBXFileReference; lastKnownFileType = wrapper.framework; name = StoreKit.framework; path = System/Library/Frameworks/StoreKit.framework; sourceTree = SDKROOT; };
		D171D38B193166FE007F525D /* SystemConfiguration.framework */ = {isa = PBXFileReference; lastKnownFileType = wrapper.framework; name = SystemConfiguration.framework; path = System/Library/Frameworks/SystemConfiguration.framework; sourceTree = SDKROOT; };
		D171D38F19316B1E007F525D /* FacebookSDK.framework */ = {isa = PBXFileReference; lastKnownFileType = wrapper.framework; name = FacebookSDK.framework; path = ../../Documents/FacebookSDK/FacebookSDK.framework; sourceTree = "<group>"; };
		D171D39119316F08007F525D /* LoginViewController.h */ = {isa = PBXFileReference; fileEncoding = 4; lastKnownFileType = sourcecode.c.h; name = LoginViewController.h; path = ../LoginViewController.h; sourceTree = "<group>"; };
		D171D39219316F08007F525D /* LoginViewController.m */ = {isa = PBXFileReference; fileEncoding = 4; lastKnownFileType = sourcecode.c.objc; name = LoginViewController.m; path = ../LoginViewController.m; sourceTree = "<group>"; };
		D171D39519317150007F525D /* UserDetailsViewController.h */ = {isa = PBXFileReference; fileEncoding = 4; lastKnownFileType = sourcecode.c.h; path = UserDetailsViewController.h; sourceTree = "<group>"; };
		D171D39619317150007F525D /* UserDetailsViewController.m */ = {isa = PBXFileReference; fileEncoding = 4; lastKnownFileType = sourcecode.c.objc; path = UserDetailsViewController.m; sourceTree = "<group>"; };
		D17692711932B1D50096A662 /* Constants.h */ = {isa = PBXFileReference; fileEncoding = 4; lastKnownFileType = sourcecode.c.h; path = Constants.h; sourceTree = "<group>"; };
		D17692721932B1D50096A662 /* Constants.m */ = {isa = PBXFileReference; fileEncoding = 4; lastKnownFileType = sourcecode.c.objc; path = Constants.m; sourceTree = "<group>"; };
		D17692761932B60F0096A662 /* Reachability.h */ = {isa = PBXFileReference; fileEncoding = 4; lastKnownFileType = sourcecode.c.h; path = Reachability.h; sourceTree = "<group>"; };
		D17692771932B60F0096A662 /* Reachability.m */ = {isa = PBXFileReference; fileEncoding = 4; lastKnownFileType = sourcecode.c.objc; path = Reachability.m; sourceTree = "<group>"; };
		D17692791932B7AF0096A662 /* WelcomeViewController.h */ = {isa = PBXFileReference; fileEncoding = 4; lastKnownFileType = sourcecode.c.h; path = WelcomeViewController.h; sourceTree = "<group>"; };
		D176927A1932B7AF0096A662 /* WelcomeViewController.m */ = {isa = PBXFileReference; fileEncoding = 4; lastKnownFileType = sourcecode.c.objc; path = WelcomeViewController.m; sourceTree = "<group>"; };
		D176927C1932B82D0096A662 /* Utility.h */ = {isa = PBXFileReference; fileEncoding = 4; lastKnownFileType = sourcecode.c.h; path = Utility.h; sourceTree = "<group>"; };
		D176927D1932B82D0096A662 /* Utility.m */ = {isa = PBXFileReference; fileEncoding = 4; lastKnownFileType = sourcecode.c.objc; path = Utility.m; sourceTree = "<group>"; };
		D1E7C6E819315B500035FCFF /* CategoryTVC.h */ = {isa = PBXFileReference; fileEncoding = 4; lastKnownFileType = sourcecode.c.h; path = CategoryTVC.h; sourceTree = "<group>"; };
		D1E7C6E919315B500035FCFF /* CategoryTVC.m */ = {isa = PBXFileReference; fileEncoding = 4; lastKnownFileType = sourcecode.c.objc; path = CategoryTVC.m; sourceTree = "<group>"; };
		D1E7C6EB19315B650035FCFF /* SubcategoryTVC.h */ = {isa = PBXFileReference; fileEncoding = 4; lastKnownFileType = sourcecode.c.h; path = SubcategoryTVC.h; sourceTree = "<group>"; };
		D1E7C6EC19315B650035FCFF /* SubcategoryTVC.m */ = {isa = PBXFileReference; fileEncoding = 4; lastKnownFileType = sourcecode.c.objc; path = SubcategoryTVC.m; sourceTree = "<group>"; };
/* End PBXFileReference section */

/* Begin PBXFrameworksBuildPhase section */
		D13D21641931422700527710 /* Frameworks */ = {
			isa = PBXFrameworksBuildPhase;
			buildActionMask = 2147483647;
			files = (
				D171D38C193166FF007F525D /* SystemConfiguration.framework in Frameworks */,
				D171D38A193166F7007F525D /* StoreKit.framework in Frameworks */,
				D171D388193166EF007F525D /* Security.framework in Frameworks */,
				D171D386193166E8007F525D /* QuartzCore.framework in Frameworks */,
				D171D384193166E2007F525D /* MobileCoreServices.framework in Frameworks */,
				D171D382193166D7007F525D /* libz.dylib in Frameworks */,
				D171D380193166D0007F525D /* CoreLocation.framework in Frameworks */,
				D13D216D1931422800527710 /* CoreGraphics.framework in Frameworks */,
				D171D37E193166C2007F525D /* CFNetwork.framework in Frameworks */,
				D171D37C193166BA007F525D /* AudioToolbox.framework in Frameworks */,
				D13D21711931422800527710 /* CoreData.framework in Frameworks */,
				D171D39019316B1E007F525D /* FacebookSDK.framework in Frameworks */,
				D13D216F1931422800527710 /* UIKit.framework in Frameworks */,
				D13D216B1931422800527710 /* Foundation.framework in Frameworks */,
				D171D37A19316682007F525D /* Parse.framework in Frameworks */,
			);
			runOnlyForDeploymentPostprocessing = 0;
		};
		D13D218D1931422800527710 /* Frameworks */ = {
			isa = PBXFrameworksBuildPhase;
			buildActionMask = 2147483647;
			files = (
				D13D21921931422800527710 /* XCTest.framework in Frameworks */,
				D13D21951931422800527710 /* CoreData.framework in Frameworks */,
				D13D21941931422800527710 /* UIKit.framework in Frameworks */,
				D13D21931931422800527710 /* Foundation.framework in Frameworks */,
			);
			runOnlyForDeploymentPostprocessing = 0;
		};
/* End PBXFrameworksBuildPhase section */

/* Begin PBXGroup section */
		D13D215E1931422700527710 = {
			isa = PBXGroup;
			children = (
				D13D21721931422800527710 /* ProjectDico */,
				D13D21981931422800527710 /* ProjectDicoTests */,
				D13D21691931422700527710 /* Frameworks */,
				D17692751932B5BD0096A662 /* Vendor */,
				D13D21681931422700527710 /* Products */,
			);
			sourceTree = "<group>";
		};
		D13D21681931422700527710 /* Products */ = {
			isa = PBXGroup;
			children = (
				D13D21671931422700527710 /* ProjectDico.app */,
				D13D21901931422800527710 /* ProjectDicoTests.xctest */,
			);
			name = Products;
			sourceTree = "<group>";
		};
		D13D21691931422700527710 /* Frameworks */ = {
			isa = PBXGroup;
			children = (
				D171D38F19316B1E007F525D /* FacebookSDK.framework */,
				D171D38B193166FE007F525D /* SystemConfiguration.framework */,
				D171D389193166F7007F525D /* StoreKit.framework */,
				D171D387193166EF007F525D /* Security.framework */,
				D171D385193166E8007F525D /* QuartzCore.framework */,
				D171D383193166E2007F525D /* MobileCoreServices.framework */,
				D171D381193166D7007F525D /* libz.dylib */,
				D171D37F193166D0007F525D /* CoreLocation.framework */,
				D171D37D193166C2007F525D /* CFNetwork.framework */,
				D171D37B193166BA007F525D /* AudioToolbox.framework */,
				D171D37919316682007F525D /* Parse.framework */,
				D13D216A1931422700527710 /* Foundation.framework */,
				D13D216C1931422800527710 /* CoreGraphics.framework */,
				D13D216E1931422800527710 /* UIKit.framework */,
				D13D21701931422800527710 /* CoreData.framework */,
				D13D21911931422800527710 /* XCTest.framework */,
			);
			name = Frameworks;
			sourceTree = "<group>";
		};
		D13D21721931422800527710 /* ProjectDico */ = {
			isa = PBXGroup;
			children = (
				D17692741932B1E20096A662 /* Helper */,
				D13D217B1931422800527710 /* AppDelegate.h */,
				D13D217C1931422800527710 /* AppDelegate.m */,
				D13D217E1931422800527710 /* Main.storyboard */,
				D1E7C6EE19315B750035FCFF /* Controllers */,
				D13D218A1931422800527710 /* Images.xcassets */,
				D13D21811931422800527710 /* ProjectDico.xcdatamodeld */,
				D13D21731931422800527710 /* Supporting Files */,
			);
			path = ProjectDico;
			sourceTree = "<group>";
		};
		D13D21731931422800527710 /* Supporting Files */ = {
			isa = PBXGroup;
			children = (
				D13D21741931422800527710 /* ProjectDico-Info.plist */,
				D13D21751931422800527710 /* InfoPlist.strings */,
				D13D21781931422800527710 /* main.m */,
				D13D217A1931422800527710 /* ProjectDico-Prefix.pch */,
			);
			name = "Supporting Files";
			sourceTree = "<group>";
		};
		D13D21981931422800527710 /* ProjectDicoTests */ = {
			isa = PBXGroup;
			children = (
				D13D219E1931422800527710 /* ProjectDicoTests.m */,
				D13D21991931422800527710 /* Supporting Files */,
			);
			path = ProjectDicoTests;
			sourceTree = "<group>";
		};
		D13D21991931422800527710 /* Supporting Files */ = {
			isa = PBXGroup;
			children = (
				D13D219A1931422800527710 /* ProjectDicoTests-Info.plist */,
				D13D219B1931422800527710 /* InfoPlist.strings */,
			);
			name = "Supporting Files";
			sourceTree = "<group>";
		};
		D171D39419316F12007F525D /* UserAccounts */ = {
			isa = PBXGroup;
			children = (
				D17692791932B7AF0096A662 /* WelcomeViewController.h */,
				D176927A1932B7AF0096A662 /* WelcomeViewController.m */,
				D171D39119316F08007F525D /* LoginViewController.h */,
				D171D39219316F08007F525D /* LoginViewController.m */,
				D171D39519317150007F525D /* UserDetailsViewController.h */,
				D171D39619317150007F525D /* UserDetailsViewController.m */,
			);
			name = UserAccounts;
			sourceTree = "<group>";
		};
		D17692741932B1E20096A662 /* Helper */ = {
			isa = PBXGroup;
			children = (
				D176927C1932B82D0096A662 /* Utility.h */,
				D176927D1932B82D0096A662 /* Utility.m */,
				D17692711932B1D50096A662 /* Constants.h */,
				D17692721932B1D50096A662 /* Constants.m */,
			);
			name = Helper;
			sourceTree = "<group>";
		};
		D17692751932B5BD0096A662 /* Vendor */ = {
			isa = PBXGroup;
			children = (
				D17692761932B60F0096A662 /* Reachability.h */,
				D17692771932B60F0096A662 /* Reachability.m */,
			);
			name = Vendor;
			sourceTree = "<group>";
		};
		D1E7C6EE19315B750035FCFF /* Controllers */ = {
			isa = PBXGroup;
			children = (
				D171D39419316F12007F525D /* UserAccounts */,
				D13D21841931422800527710 /* MasterViewController.h */,
				D13D21851931422800527710 /* MasterViewController.m */,
				D1E7C6E819315B500035FCFF /* CategoryTVC.h */,
				D1E7C6E919315B500035FCFF /* CategoryTVC.m */,
				D1E7C6EB19315B650035FCFF /* SubcategoryTVC.h */,
				D1E7C6EC19315B650035FCFF /* SubcategoryTVC.m */,
				D13D21871931422800527710 /* DetailViewController.h */,
				D13D21881931422800527710 /* DetailViewController.m */,
			);
			name = Controllers;
			sourceTree = "<group>";
		};
/* End PBXGroup section */

/* Begin PBXNativeTarget section */
		D13D21661931422700527710 /* ProjectDico */ = {
			isa = PBXNativeTarget;
			buildConfigurationList = D13D21A21931422800527710 /* Build configuration list for PBXNativeTarget "ProjectDico" */;
			buildPhases = (
				D13D21631931422700527710 /* Sources */,
				D13D21641931422700527710 /* Frameworks */,
				D13D21651931422700527710 /* Resources */,
			);
			buildRules = (
			);
			dependencies = (
			);
			name = ProjectDico;
			productName = ProjectDico;
			productReference = D13D21671931422700527710 /* ProjectDico.app */;
			productType = "com.apple.product-type.application";
		};
		D13D218F1931422800527710 /* ProjectDicoTests */ = {
			isa = PBXNativeTarget;
			buildConfigurationList = D13D21A51931422800527710 /* Build configuration list for PBXNativeTarget "ProjectDicoTests" */;
			buildPhases = (
				D13D218C1931422800527710 /* Sources */,
				D13D218D1931422800527710 /* Frameworks */,
				D13D218E1931422800527710 /* Resources */,
			);
			buildRules = (
			);
			dependencies = (
				D13D21971931422800527710 /* PBXTargetDependency */,
			);
			name = ProjectDicoTests;
			productName = ProjectDicoTests;
			productReference = D13D21901931422800527710 /* ProjectDicoTests.xctest */;
			productType = "com.apple.product-type.bundle.unit-test";
		};
/* End PBXNativeTarget section */

/* Begin PBXProject section */
		D13D215F1931422700527710 /* Project object */ = {
			isa = PBXProject;
			attributes = {
				LastUpgradeCheck = 0510;
				ORGANIZATIONNAME = ProjectDico;
				TargetAttributes = {
					D13D21661931422700527710 = {
						DevelopmentTeam = FUTU96J3U9;
					};
					D13D218F1931422800527710 = {
						TestTargetID = D13D21661931422700527710;
					};
				};
			};
			buildConfigurationList = D13D21621931422700527710 /* Build configuration list for PBXProject "ProjectDico" */;
			compatibilityVersion = "Xcode 3.2";
			developmentRegion = English;
			hasScannedForEncodings = 0;
			knownRegions = (
				en,
				Base,
			);
			mainGroup = D13D215E1931422700527710;
			productRefGroup = D13D21681931422700527710 /* Products */;
			projectDirPath = "";
			projectRoot = "";
			targets = (
				D13D21661931422700527710 /* ProjectDico */,
				D13D218F1931422800527710 /* ProjectDicoTests */,
			);
		};
/* End PBXProject section */

/* Begin PBXResourcesBuildPhase section */
		D13D21651931422700527710 /* Resources */ = {
			isa = PBXResourcesBuildPhase;
			buildActionMask = 2147483647;
			files = (
				D13D218B1931422800527710 /* Images.xcassets in Resources */,
				D13D21771931422800527710 /* InfoPlist.strings in Resources */,
				D13D21801931422800527710 /* Main.storyboard in Resources */,
			);
			runOnlyForDeploymentPostprocessing = 0;
		};
		D13D218E1931422800527710 /* Resources */ = {
			isa = PBXResourcesBuildPhase;
			buildActionMask = 2147483647;
			files = (
				D13D219D1931422800527710 /* InfoPlist.strings in Resources */,
			);
			runOnlyForDeploymentPostprocessing = 0;
		};
/* End PBXResourcesBuildPhase section */

/* Begin PBXSourcesBuildPhase section */
		D13D21631931422700527710 /* Sources */ = {
			isa = PBXSourcesBuildPhase;
			buildActionMask = 2147483647;
			files = (
				D171D39319316F08007F525D /* LoginViewController.m in Sources */,
				D13D21891931422800527710 /* DetailViewController.m in Sources */,
				D1E7C6ED19315B650035FCFF /* SubcategoryTVC.m in Sources */,
				D17692781932B60F0096A662 /* Reachability.m in Sources */,
				D1E7C6EA19315B500035FCFF /* CategoryTVC.m in Sources */,
				D176927B1932B7AF0096A662 /* WelcomeViewController.m in Sources */,
				D13D21861931422800527710 /* MasterViewController.m in Sources */,
				D17692731932B1D50096A662 /* Constants.m in Sources */,
				D13D217D1931422800527710 /* AppDelegate.m in Sources */,
				D13D21831931422800527710 /* ProjectDico.xcdatamodeld in Sources */,
				D171D39719317150007F525D /* UserDetailsViewController.m in Sources */,
				D13D21791931422800527710 /* main.m in Sources */,
				D176927E1932B82D0096A662 /* Utility.m in Sources */,
			);
			runOnlyForDeploymentPostprocessing = 0;
		};
		D13D218C1931422800527710 /* Sources */ = {
			isa = PBXSourcesBuildPhase;
			buildActionMask = 2147483647;
			files = (
				D13D219F1931422800527710 /* ProjectDicoTests.m in Sources */,
			);
			runOnlyForDeploymentPostprocessing = 0;
		};
/* End PBXSourcesBuildPhase section */

/* Begin PBXTargetDependency section */
		D13D21971931422800527710 /* PBXTargetDependency */ = {
			isa = PBXTargetDependency;
			target = D13D21661931422700527710 /* ProjectDico */;
			targetProxy = D13D21961931422800527710 /* PBXContainerItemProxy */;
		};
/* End PBXTargetDependency section */

/* Begin PBXVariantGroup section */
		D13D21751931422800527710 /* InfoPlist.strings */ = {
			isa = PBXVariantGroup;
			children = (
				D13D21761931422800527710 /* en */,
			);
			name = InfoPlist.strings;
			sourceTree = "<group>";
		};
		D13D217E1931422800527710 /* Main.storyboard */ = {
			isa = PBXVariantGroup;
			children = (
				D13D217F1931422800527710 /* Base */,
			);
			name = Main.storyboard;
			sourceTree = "<group>";
		};
		D13D219B1931422800527710 /* InfoPlist.strings */ = {
			isa = PBXVariantGroup;
			children = (
				D13D219C1931422800527710 /* en */,
			);
			name = InfoPlist.strings;
			sourceTree = "<group>";
		};
/* End PBXVariantGroup section */

/* Begin XCBuildConfiguration section */
		D13D21A01931422800527710 /* Debug */ = {
			isa = XCBuildConfiguration;
			buildSettings = {
				ALWAYS_SEARCH_USER_PATHS = NO;
				CLANG_CXX_LANGUAGE_STANDARD = "gnu++0x";
				CLANG_CXX_LIBRARY = "libc++";
				CLANG_ENABLE_MODULES = YES;
				CLANG_ENABLE_OBJC_ARC = YES;
				CLANG_WARN_BOOL_CONVERSION = YES;
				CLANG_WARN_CONSTANT_CONVERSION = YES;
				CLANG_WARN_DIRECT_OBJC_ISA_USAGE = YES_ERROR;
				CLANG_WARN_EMPTY_BODY = YES;
				CLANG_WARN_ENUM_CONVERSION = YES;
				CLANG_WARN_INT_CONVERSION = YES;
				CLANG_WARN_OBJC_ROOT_CLASS = YES_ERROR;
				CLANG_WARN__DUPLICATE_METHOD_MATCH = YES;
				"CODE_SIGN_IDENTITY[sdk=iphoneos*]" = "iPhone Developer";
				COPY_PHASE_STRIP = NO;
				GCC_C_LANGUAGE_STANDARD = gnu99;
				GCC_DYNAMIC_NO_PIC = NO;
				GCC_OPTIMIZATION_LEVEL = 0;
				GCC_PREPROCESSOR_DEFINITIONS = (
					"DEBUG=1",
					"$(inherited)",
				);
				GCC_SYMBOLS_PRIVATE_EXTERN = NO;
				GCC_WARN_64_TO_32_BIT_CONVERSION = YES;
				GCC_WARN_ABOUT_RETURN_TYPE = YES_ERROR;
				GCC_WARN_UNDECLARED_SELECTOR = YES;
				GCC_WARN_UNINITIALIZED_AUTOS = YES_AGGRESSIVE;
				GCC_WARN_UNUSED_FUNCTION = YES;
				GCC_WARN_UNUSED_VARIABLE = YES;
				IPHONEOS_DEPLOYMENT_TARGET = 7.1;
				ONLY_ACTIVE_ARCH = YES;
				SDKROOT = iphoneos;
			};
			name = Debug;
		};
		D13D21A11931422800527710 /* Release */ = {
			isa = XCBuildConfiguration;
			buildSettings = {
				ALWAYS_SEARCH_USER_PATHS = NO;
				CLANG_CXX_LANGUAGE_STANDARD = "gnu++0x";
				CLANG_CXX_LIBRARY = "libc++";
				CLANG_ENABLE_MODULES = YES;
				CLANG_ENABLE_OBJC_ARC = YES;
				CLANG_WARN_BOOL_CONVERSION = YES;
				CLANG_WARN_CONSTANT_CONVERSION = YES;
				CLANG_WARN_DIRECT_OBJC_ISA_USAGE = YES_ERROR;
				CLANG_WARN_EMPTY_BODY = YES;
				CLANG_WARN_ENUM_CONVERSION = YES;
				CLANG_WARN_INT_CONVERSION = YES;
				CLANG_WARN_OBJC_ROOT_CLASS = YES_ERROR;
				CLANG_WARN__DUPLICATE_METHOD_MATCH = YES;
				"CODE_SIGN_IDENTITY[sdk=iphoneos*]" = "iPhone Developer";
				COPY_PHASE_STRIP = YES;
				ENABLE_NS_ASSERTIONS = NO;
				GCC_C_LANGUAGE_STANDARD = gnu99;
				GCC_WARN_64_TO_32_BIT_CONVERSION = YES;
				GCC_WARN_ABOUT_RETURN_TYPE = YES_ERROR;
				GCC_WARN_UNDECLARED_SELECTOR = YES;
				GCC_WARN_UNINITIALIZED_AUTOS = YES_AGGRESSIVE;
				GCC_WARN_UNUSED_FUNCTION = YES;
				GCC_WARN_UNUSED_VARIABLE = YES;
				IPHONEOS_DEPLOYMENT_TARGET = 7.1;
				SDKROOT = iphoneos;
				VALIDATE_PRODUCT = YES;
			};
			name = Release;
		};
		D13D21A31931422800527710 /* Debug */ = {
			isa = XCBuildConfiguration;
			buildSettings = {
				ASSETCATALOG_COMPILER_APPICON_NAME = AppIcon;
				ASSETCATALOG_COMPILER_LAUNCHIMAGE_NAME = LaunchImage;
				CODE_SIGN_IDENTITY = "iPhone Developer";
				"CODE_SIGN_IDENTITY[sdk=iphoneos*]" = "iPhone Developer";
				FRAMEWORK_SEARCH_PATHS = (
					"$(inherited)",
					"$(PROJECT_DIR)",
					/Users/nicolezhu/Documents/FacebookSDK,
				);
				GCC_PRECOMPILE_PREFIX_HEADER = YES;
				GCC_PREFIX_HEADER = "ProjectDico/ProjectDico-Prefix.pch";
				INFOPLIST_FILE = "ProjectDico/ProjectDico-Info.plist";
				PRODUCT_NAME = "$(TARGET_NAME)";
				PROVISIONING_PROFILE = "";
				WRAPPER_EXTENSION = app;
			};
			name = Debug;
		};
		D13D21A41931422800527710 /* Release */ = {
			isa = XCBuildConfiguration;
			buildSettings = {
				ASSETCATALOG_COMPILER_APPICON_NAME = AppIcon;
				ASSETCATALOG_COMPILER_LAUNCHIMAGE_NAME = LaunchImage;
				CODE_SIGN_IDENTITY = "iPhone Developer";
				"CODE_SIGN_IDENTITY[sdk=iphoneos*]" = "iPhone Developer";
				FRAMEWORK_SEARCH_PATHS = (
					"$(inherited)",
					"$(PROJECT_DIR)",
					/Users/nicolezhu/Documents/FacebookSDK,
				);
				GCC_PRECOMPILE_PREFIX_HEADER = YES;
				GCC_PREFIX_HEADER = "ProjectDico/ProjectDico-Prefix.pch";
				INFOPLIST_FILE = "ProjectDico/ProjectDico-Info.plist";
				PRODUCT_NAME = "$(TARGET_NAME)";
				PROVISIONING_PROFILE = "";
				WRAPPER_EXTENSION = app;
			};
			name = Release;
		};
		D13D21A61931422800527710 /* Debug */ = {
			isa = XCBuildConfiguration;
			buildSettings = {
				BUNDLE_LOADER = "$(BUILT_PRODUCTS_DIR)/ProjectDico.app/ProjectDico";
				FRAMEWORK_SEARCH_PATHS = (
					"$(SDKROOT)/Developer/Library/Frameworks",
					"$(inherited)",
					"$(DEVELOPER_FRAMEWORKS_DIR)",
				);
				GCC_PRECOMPILE_PREFIX_HEADER = YES;
				GCC_PREFIX_HEADER = "ProjectDico/ProjectDico-Prefix.pch";
				GCC_PREPROCESSOR_DEFINITIONS = (
					"DEBUG=1",
					"$(inherited)",
				);
				INFOPLIST_FILE = "ProjectDicoTests/ProjectDicoTests-Info.plist";
				PRODUCT_NAME = "$(TARGET_NAME)";
				TEST_HOST = "$(BUNDLE_LOADER)";
				WRAPPER_EXTENSION = xctest;
			};
			name = Debug;
		};
		D13D21A71931422800527710 /* Release */ = {
			isa = XCBuildConfiguration;
			buildSettings = {
				BUNDLE_LOADER = "$(BUILT_PRODUCTS_DIR)/ProjectDico.app/ProjectDico";
				FRAMEWORK_SEARCH_PATHS = (
					"$(SDKROOT)/Developer/Library/Frameworks",
					"$(inherited)",
					"$(DEVELOPER_FRAMEWORKS_DIR)",
				);
				GCC_PRECOMPILE_PREFIX_HEADER = YES;
				GCC_PREFIX_HEADER = "ProjectDico/ProjectDico-Prefix.pch";
				INFOPLIST_FILE = "ProjectDicoTests/ProjectDicoTests-Info.plist";
				PRODUCT_NAME = "$(TARGET_NAME)";
				TEST_HOST = "$(BUNDLE_LOADER)";
				WRAPPER_EXTENSION = xctest;
			};
			name = Release;
		};
/* End XCBuildConfiguration section */

/* Begin XCConfigurationList section */
		D13D21621931422700527710 /* Build configuration list for PBXProject "ProjectDico" */ = {
			isa = XCConfigurationList;
			buildConfigurations = (
				D13D21A01931422800527710 /* Debug */,
				D13D21A11931422800527710 /* Release */,
			);
			defaultConfigurationIsVisible = 0;
			defaultConfigurationName = Release;
		};
		D13D21A21931422800527710 /* Build configuration list for PBXNativeTarget "ProjectDico" */ = {
			isa = XCConfigurationList;
			buildConfigurations = (
				D13D21A31931422800527710 /* Debug */,
				D13D21A41931422800527710 /* Release */,
			);
			defaultConfigurationIsVisible = 0;
			defaultConfigurationName = Release;
		};
		D13D21A51931422800527710 /* Build configuration list for PBXNativeTarget "ProjectDicoTests" */ = {
			isa = XCConfigurationList;
			buildConfigurations = (
				D13D21A61931422800527710 /* Debug */,
				D13D21A71931422800527710 /* Release */,
			);
			defaultConfigurationIsVisible = 0;
			defaultConfigurationName = Release;
		};
/* End XCConfigurationList section */

/* Begin XCVersionGroup section */
		D13D21811931422800527710 /* ProjectDico.xcdatamodeld */ = {
			isa = XCVersionGroup;
			children = (
				D13D21821931422800527710 /* ProjectDico.xcdatamodel */,
			);
			currentVersion = D13D21821931422800527710 /* ProjectDico.xcdatamodel */;
			path = ProjectDico.xcdatamodeld;
			sourceTree = "<group>";
			versionGroupType = wrapper.xcdatamodel;
		};
/* End XCVersionGroup section */
	};
	rootObject = D13D215F1931422700527710 /* Project object */;
}
