// !$*UTF8*$!
{
	archiveVersion = 1;
	classes = {
	};
	objectVersion = 46;
	objects = {

/* Begin PBXBuildFile section */
		D128578F193E7C7100C84A9C /* CalendarController.m in Sources */ = {isa = PBXBuildFile; fileRef = D128578E193E7C7100C84A9C /* CalendarController.m */; };
		D1285793193E7DE000C84A9C /* CameraController.m in Sources */ = {isa = PBXBuildFile; fileRef = D1285792193E7DE000C84A9C /* CameraController.m */; };
		D1285799193E835500C84A9C /* AcousticModelEnglish.bundle in Resources */ = {isa = PBXBuildFile; fileRef = D1285795193E835500C84A9C /* AcousticModelEnglish.bundle */; };
		D128579A193E835500C84A9C /* AcousticModelSpanish.bundle in Resources */ = {isa = PBXBuildFile; fileRef = D1285796193E835500C84A9C /* AcousticModelSpanish.bundle */; };
		D128579B193E835500C84A9C /* OpenEars.framework in Frameworks */ = {isa = PBXBuildFile; fileRef = D1285797193E835500C84A9C /* OpenEars.framework */; };
		D128579C193E835500C84A9C /* Slt.framework in Frameworks */ = {isa = PBXBuildFile; fileRef = D1285798193E835500C84A9C /* Slt.framework */; };
		D128579E193E836900C84A9C /* AVFoundation.framework in Frameworks */ = {isa = PBXBuildFile; fileRef = D128579D193E836900C84A9C /* AVFoundation.framework */; };
		D12857B5193EBEED00C84A9C /* MNCalendarHeaderView.m in Sources */ = {isa = PBXBuildFile; fileRef = D12857A6193EBEED00C84A9C /* MNCalendarHeaderView.m */; };
		D12857B6193EBEED00C84A9C /* MNCalendarView.m in Sources */ = {isa = PBXBuildFile; fileRef = D12857A8193EBEED00C84A9C /* MNCalendarView.m */; };
		D12857B7193EBEED00C84A9C /* MNCalendarViewCell.m in Sources */ = {isa = PBXBuildFile; fileRef = D12857AA193EBEED00C84A9C /* MNCalendarViewCell.m */; };
		D12857B8193EBEED00C84A9C /* MNCalendarViewDayCell.m in Sources */ = {isa = PBXBuildFile; fileRef = D12857AC193EBEED00C84A9C /* MNCalendarViewDayCell.m */; };
		D12857B9193EBEED00C84A9C /* MNCalendarViewLayout.m in Sources */ = {isa = PBXBuildFile; fileRef = D12857AE193EBEED00C84A9C /* MNCalendarViewLayout.m */; };
		D12857BA193EBEED00C84A9C /* MNCalendarViewWeekdayCell.m in Sources */ = {isa = PBXBuildFile; fileRef = D12857B0193EBEED00C84A9C /* MNCalendarViewWeekdayCell.m */; };
		D12857BB193EBEED00C84A9C /* MNFastDateEnumeration.m in Sources */ = {isa = PBXBuildFile; fileRef = D12857B2193EBEED00C84A9C /* MNFastDateEnumeration.m */; };
		D12857BC193EBEED00C84A9C /* NSDate+MNAdditions.m in Sources */ = {isa = PBXBuildFile; fileRef = D12857B4193EBEED00C84A9C /* NSDate+MNAdditions.m */; };
		D13D216B1931422800527710 /* Foundation.framework in Frameworks */ = {isa = PBXBuildFile; fileRef = D13D216A1931422700527710 /* Foundation.framework */; };
		D13D216D1931422800527710 /* CoreGraphics.framework in Frameworks */ = {isa = PBXBuildFile; fileRef = D13D216C1931422800527710 /* CoreGraphics.framework */; };
		D13D216F1931422800527710 /* UIKit.framework in Frameworks */ = {isa = PBXBuildFile; fileRef = D13D216E1931422800527710 /* UIKit.framework */; };
		D13D21711931422800527710 /* CoreData.framework in Frameworks */ = {isa = PBXBuildFile; fileRef = D13D21701931422800527710 /* CoreData.framework */; };
		D13D21771931422800527710 /* InfoPlist.strings in Resources */ = {isa = PBXBuildFile; fileRef = D13D21751931422800527710 /* InfoPlist.strings */; };
		D13D21791931422800527710 /* main.m in Sources */ = {isa = PBXBuildFile; fileRef = D13D21781931422800527710 /* main.m */; };
		D13D217D1931422800527710 /* AppDelegate.m in Sources */ = {isa = PBXBuildFile; fileRef = D13D217C1931422800527710 /* AppDelegate.m */; };
		D13D21801931422800527710 /* Main.storyboard in Resources */ = {isa = PBXBuildFile; fileRef = D13D217E1931422800527710 /* Main.storyboard */; };
		D13D21831931422800527710 /* ProjectDico.xcdatamodeld in Sources */ = {isa = PBXBuildFile; fileRef = D13D21811931422800527710 /* ProjectDico.xcdatamodeld */; };
		D13D21861931422800527710 /* MasterViewController.m in Sources */ = {isa = PBXBuildFile; fileRef = D13D21851931422800527710 /* MasterViewController.m */; };
		D13D21891931422800527710 /* DetailViewController.m in Sources */ = {isa = PBXBuildFile; fileRef = D13D21881931422800527710 /* DetailViewController.m */; };
		D13D21921931422800527710 /* XCTest.framework in Frameworks */ = {isa = PBXBuildFile; fileRef = D13D21911931422800527710 /* XCTest.framework */; };
		D13D21931931422800527710 /* Foundation.framework in Frameworks */ = {isa = PBXBuildFile; fileRef = D13D216A1931422700527710 /* Foundation.framework */; };
		D13D21941931422800527710 /* UIKit.framework in Frameworks */ = {isa = PBXBuildFile; fileRef = D13D216E1931422800527710 /* UIKit.framework */; };
		D13D21951931422800527710 /* CoreData.framework in Frameworks */ = {isa = PBXBuildFile; fileRef = D13D21701931422800527710 /* CoreData.framework */; };
		D13D219D1931422800527710 /* InfoPlist.strings in Resources */ = {isa = PBXBuildFile; fileRef = D13D219B1931422800527710 /* InfoPlist.strings */; };
		D13D219F1931422800527710 /* ProjectDicoTests.m in Sources */ = {isa = PBXBuildFile; fileRef = D13D219E1931422800527710 /* ProjectDicoTests.m */; };
		D171D37A19316682007F525D /* Parse.framework in Frameworks */ = {isa = PBXBuildFile; fileRef = D171D37919316682007F525D /* Parse.framework */; };
		D171D37C193166BA007F525D /* AudioToolbox.framework in Frameworks */ = {isa = PBXBuildFile; fileRef = D171D37B193166BA007F525D /* AudioToolbox.framework */; };
		D171D37E193166C2007F525D /* CFNetwork.framework in Frameworks */ = {isa = PBXBuildFile; fileRef = D171D37D193166C2007F525D /* CFNetwork.framework */; };
		D171D380193166D0007F525D /* CoreLocation.framework in Frameworks */ = {isa = PBXBuildFile; fileRef = D171D37F193166D0007F525D /* CoreLocation.framework */; };
		D171D382193166D7007F525D /* libz.dylib in Frameworks */ = {isa = PBXBuildFile; fileRef = D171D381193166D7007F525D /* libz.dylib */; };
		D171D384193166E2007F525D /* MobileCoreServices.framework in Frameworks */ = {isa = PBXBuildFile; fileRef = D171D383193166E2007F525D /* MobileCoreServices.framework */; };
		D171D386193166E8007F525D /* QuartzCore.framework in Frameworks */ = {isa = PBXBuildFile; fileRef = D171D385193166E8007F525D /* QuartzCore.framework */; };
		D171D388193166EF007F525D /* Security.framework in Frameworks */ = {isa = PBXBuildFile; fileRef = D171D387193166EF007F525D /* Security.framework */; };
		D171D38A193166F7007F525D /* StoreKit.framework in Frameworks */ = {isa = PBXBuildFile; fileRef = D171D389193166F7007F525D /* StoreKit.framework */; };
		D171D38C193166FF007F525D /* SystemConfiguration.framework in Frameworks */ = {isa = PBXBuildFile; fileRef = D171D38B193166FE007F525D /* SystemConfiguration.framework */; };
		D171D39019316B1E007F525D /* FacebookSDK.framework in Frameworks */ = {isa = PBXBuildFile; fileRef = D171D38F19316B1E007F525D /* FacebookSDK.framework */; };
		D171D39319316F08007F525D /* LoginViewController.m in Sources */ = {isa = PBXBuildFile; fileRef = D171D39219316F08007F525D /* LoginViewController.m */; };
		D171D39719317150007F525D /* UserDetailsViewController.m in Sources */ = {isa = PBXBuildFile; fileRef = D171D39619317150007F525D /* UserDetailsViewController.m */; };
		D17692731932B1D50096A662 /* Constants.m in Sources */ = {isa = PBXBuildFile; fileRef = D17692721932B1D50096A662 /* Constants.m */; };
		D17692781932B60F0096A662 /* Reachability.m in Sources */ = {isa = PBXBuildFile; fileRef = D17692771932B60F0096A662 /* Reachability.m */; };
		D176927B1932B7AF0096A662 /* WelcomeViewController.m in Sources */ = {isa = PBXBuildFile; fileRef = D176927A1932B7AF0096A662 /* WelcomeViewController.m */; };
		D176927E1932B82D0096A662 /* Utility.m in Sources */ = {isa = PBXBuildFile; fileRef = D176927D1932B82D0096A662 /* Utility.m */; };
		D17692811932C3010096A662 /* TabBarController.m in Sources */ = {isa = PBXBuildFile; fileRef = D17692801932C3010096A662 /* TabBarController.m */; };
		D18A581E19422F44008E3100 /* StarView.m in Sources */ = {isa = PBXBuildFile; fileRef = D18A581D19422F44008E3100 /* StarView.m */; };
		D18A5822194255A8008E3100 /* FeedbackController.m in Sources */ = {isa = PBXBuildFile; fileRef = D18A5821194255A8008E3100 /* FeedbackController.m */; };
		D1A2D6271942ADA100404803 /* ConfirmBookingController.m in Sources */ = {isa = PBXBuildFile; fileRef = D1A2D6261942ADA100404803 /* ConfirmBookingController.m */; };
		D1A9B648193C11880008AE3D /* SubCategory.m in Sources */ = {isa = PBXBuildFile; fileRef = D1A9B647193C11880008AE3D /* SubCategory.m */; };
		D1BB762A193A838D00679C7E /* Cache.m in Sources */ = {isa = PBXBuildFile; fileRef = D1BB7629193A838D00679C7E /* Cache.m */; };
		D1BB762D193A979300679C7E /* Helper.m in Sources */ = {isa = PBXBuildFile; fileRef = D1BB762C193A979300679C7E /* Helper.m */; };
		D1BB7637193A996600679C7E /* TaskCategory.m in Sources */ = {isa = PBXBuildFile; fileRef = D1BB7636193A996600679C7E /* TaskCategory.m */; };
		D1C6386D1941429D00C65E11 /* PlaceHolderForTextview.m in Sources */ = {isa = PBXBuildFile; fileRef = D1C6386C1941429D00C65E11 /* PlaceHolderForTextview.m */; };
		D1C638701941439700C65E11 /* TypeDetailsViewController.m in Sources */ = {isa = PBXBuildFile; fileRef = D1C6386F1941439700C65E11 /* TypeDetailsViewController.m */; };
		D1C638731941726A00C65E11 /* Images.xcassets in Resources */ = {isa = PBXBuildFile; fileRef = D1C638721941726A00C65E11 /* Images.xcassets */; };
		D1C6387619417EB100C65E11 /* takePhoto.m in Sources */ = {isa = PBXBuildFile; fileRef = D1C6387519417EB100C65E11 /* takePhoto.m */; };
		D1E7C6EA19315B500035FCFF /* CategoryTVC.m in Sources */ = {isa = PBXBuildFile; fileRef = D1E7C6E919315B500035FCFF /* CategoryTVC.m */; };
		D1E7C6ED19315B650035FCFF /* SubcategoryTVC.m in Sources */ = {isa = PBXBuildFile; fileRef = D1E7C6EC19315B650035FCFF /* SubcategoryTVC.m */; };
/* End PBXBuildFile section */

/* Begin PBXContainerItemProxy section */
		D13D21961931422800527710 /* PBXContainerItemProxy */ = {
			isa = PBXContainerItemProxy;
			containerPortal = D13D215F1931422700527710 /* Project object */;
			proxyType = 1;
			remoteGlobalIDString = D13D21661931422700527710;
			remoteInfo = ProjectDico;
		};
/* End PBXContainerItemProxy section */

/* Begin PBXFileReference section */
		D128578D193E7C7100C84A9C /* CalendarController.h */ = {isa = PBXFileReference; fileEncoding = 4; lastKnownFileType = sourcecode.c.h; path = CalendarController.h; sourceTree = "<group>"; };
		D128578E193E7C7100C84A9C /* CalendarController.m */ = {isa = PBXFileReference; fileEncoding = 4; lastKnownFileType = sourcecode.c.objc; path = CalendarController.m; sourceTree = "<group>"; };
		D1285791193E7DE000C84A9C /* CameraController.h */ = {isa = PBXFileReference; fileEncoding = 4; lastKnownFileType = sourcecode.c.h; path = CameraController.h; sourceTree = "<group>"; };
		D1285792193E7DE000C84A9C /* CameraController.m */ = {isa = PBXFileReference; fileEncoding = 4; lastKnownFileType = sourcecode.c.objc; path = CameraController.m; sourceTree = "<group>"; };
		D1285795193E835500C84A9C /* AcousticModelEnglish.bundle */ = {isa = PBXFileReference; lastKnownFileType = "wrapper.plug-in"; path = AcousticModelEnglish.bundle; sourceTree = "<group>"; };
		D1285796193E835500C84A9C /* AcousticModelSpanish.bundle */ = {isa = PBXFileReference; lastKnownFileType = "wrapper.plug-in"; path = AcousticModelSpanish.bundle; sourceTree = "<group>"; };
		D1285797193E835500C84A9C /* OpenEars.framework */ = {isa = PBXFileReference; lastKnownFileType = wrapper.framework; path = OpenEars.framework; sourceTree = "<group>"; };
		D1285798193E835500C84A9C /* Slt.framework */ = {isa = PBXFileReference; lastKnownFileType = wrapper.framework; path = Slt.framework; sourceTree = "<group>"; };
		D128579D193E836900C84A9C /* AVFoundation.framework */ = {isa = PBXFileReference; lastKnownFileType = wrapper.framework; name = AVFoundation.framework; path = System/Library/Frameworks/AVFoundation.framework; sourceTree = SDKROOT; };
		D12857A5193EBEED00C84A9C /* MNCalendarHeaderView.h */ = {isa = PBXFileReference; fileEncoding = 4; lastKnownFileType = sourcecode.c.h; path = MNCalendarHeaderView.h; sourceTree = "<group>"; };
		D12857A6193EBEED00C84A9C /* MNCalendarHeaderView.m */ = {isa = PBXFileReference; fileEncoding = 4; lastKnownFileType = sourcecode.c.objc; path = MNCalendarHeaderView.m; sourceTree = "<group>"; };
		D12857A7193EBEED00C84A9C /* MNCalendarView.h */ = {isa = PBXFileReference; fileEncoding = 4; lastKnownFileType = sourcecode.c.h; path = MNCalendarView.h; sourceTree = "<group>"; };
		D12857A8193EBEED00C84A9C /* MNCalendarView.m */ = {isa = PBXFileReference; fileEncoding = 4; lastKnownFileType = sourcecode.c.objc; path = MNCalendarView.m; sourceTree = "<group>"; };
		D12857A9193EBEED00C84A9C /* MNCalendarViewCell.h */ = {isa = PBXFileReference; fileEncoding = 4; lastKnownFileType = sourcecode.c.h; path = MNCalendarViewCell.h; sourceTree = "<group>"; };
		D12857AA193EBEED00C84A9C /* MNCalendarViewCell.m */ = {isa = PBXFileReference; fileEncoding = 4; lastKnownFileType = sourcecode.c.objc; path = MNCalendarViewCell.m; sourceTree = "<group>"; };
		D12857AB193EBEED00C84A9C /* MNCalendarViewDayCell.h */ = {isa = PBXFileReference; fileEncoding = 4; lastKnownFileType = sourcecode.c.h; path = MNCalendarViewDayCell.h; sourceTree = "<group>"; };
		D12857AC193EBEED00C84A9C /* MNCalendarViewDayCell.m */ = {isa = PBXFileReference; fileEncoding = 4; lastKnownFileType = sourcecode.c.objc; path = MNCalendarViewDayCell.m; sourceTree = "<group>"; };
		D12857AD193EBEED00C84A9C /* MNCalendarViewLayout.h */ = {isa = PBXFileReference; fileEncoding = 4; lastKnownFileType = sourcecode.c.h; path = MNCalendarViewLayout.h; sourceTree = "<group>"; };
		D12857AE193EBEED00C84A9C /* MNCalendarViewLayout.m */ = {isa = PBXFileReference; fileEncoding = 4; lastKnownFileType = sourcecode.c.objc; path = MNCalendarViewLayout.m; sourceTree = "<group>"; };
		D12857AF193EBEED00C84A9C /* MNCalendarViewWeekdayCell.h */ = {isa = PBXFileReference; fileEncoding = 4; lastKnownFileType = sourcecode.c.h; path = MNCalendarViewWeekdayCell.h; sourceTree = "<group>"; };
		D12857B0193EBEED00C84A9C /* MNCalendarViewWeekdayCell.m */ = {isa = PBXFileReference; fileEncoding = 4; lastKnownFileType = sourcecode.c.objc; path = MNCalendarViewWeekdayCell.m; sourceTree = "<group>"; };
		D12857B1193EBEED00C84A9C /* MNFastDateEnumeration.h */ = {isa = PBXFileReference; fileEncoding = 4; lastKnownFileType = sourcecode.c.h; path = MNFastDateEnumeration.h; sourceTree = "<group>"; };
		D12857B2193EBEED00C84A9C /* MNFastDateEnumeration.m */ = {isa = PBXFileReference; fileEncoding = 4; lastKnownFileType = sourcecode.c.objc; path = MNFastDateEnumeration.m; sourceTree = "<group>"; };
		D12857B3193EBEED00C84A9C /* NSDate+MNAdditions.h */ = {isa = PBXFileReference; fileEncoding = 4; lastKnownFileType = sourcecode.c.h; path = "NSDate+MNAdditions.h"; sourceTree = "<group>"; };
		D12857B4193EBEED00C84A9C /* NSDate+MNAdditions.m */ = {isa = PBXFileReference; fileEncoding = 4; lastKnownFileType = sourcecode.c.objc; path = "NSDate+MNAdditions.m"; sourceTree = "<group>"; };
		D13D21671931422700527710 /* ProjectDico.app */ = {isa = PBXFileReference; explicitFileType = wrapper.application; includeInIndex = 0; path = ProjectDico.app; sourceTree = BUILT_PRODUCTS_DIR; };
		D13D216A1931422700527710 /* Foundation.framework */ = {isa = PBXFileReference; lastKnownFileType = wrapper.framework; name = Foundation.framework; path = System/Library/Frameworks/Foundation.framework; sourceTree = SDKROOT; };
		D13D216C1931422800527710 /* CoreGraphics.framework */ = {isa = PBXFileReference; lastKnownFileType = wrapper.framework; name = CoreGraphics.framework; path = System/Library/Frameworks/CoreGraphics.framework; sourceTree = SDKROOT; };
		D13D216E1931422800527710 /* UIKit.framework */ = {isa = PBXFileReference; lastKnownFileType = wrapper.framework; name = UIKit.framework; path = System/Library/Frameworks/UIKit.framework; sourceTree = SDKROOT; };
		D13D21701931422800527710 /* CoreData.framework */ = {isa = PBXFileReference; lastKnownFileType = wrapper.framework; name = CoreData.framework; path = System/Library/Frameworks/CoreData.framework; sourceTree = SDKROOT; };
		D13D21741931422800527710 /* ProjectDico-Info.plist */ = {isa = PBXFileReference; lastKnownFileType = text.plist.xml; path = "ProjectDico-Info.plist"; sourceTree = "<group>"; };
		D13D21761931422800527710 /* en */ = {isa = PBXFileReference; lastKnownFileType = text.plist.strings; name = en; path = en.lproj/InfoPlist.strings; sourceTree = "<group>"; };
		D13D21781931422800527710 /* main.m */ = {isa = PBXFileReference; lastKnownFileType = sourcecode.c.objc; path = main.m; sourceTree = "<group>"; };
		D13D217A1931422800527710 /* ProjectDico-Prefix.pch */ = {isa = PBXFileReference; lastKnownFileType = sourcecode.c.h; path = "ProjectDico-Prefix.pch"; sourceTree = "<group>"; };
		D13D217B1931422800527710 /* AppDelegate.h */ = {isa = PBXFileReference; lastKnownFileType = sourcecode.c.h; path = AppDelegate.h; sourceTree = "<group>"; };
		D13D217C1931422800527710 /* AppDelegate.m */ = {isa = PBXFileReference; lastKnownFileType = sourcecode.c.objc; path = AppDelegate.m; sourceTree = "<group>"; };
		D13D217F1931422800527710 /* Base */ = {isa = PBXFileReference; lastKnownFileType = file.storyboard; name = Base; path = Base.lproj/Main.storyboard; sourceTree = "<group>"; };
		D13D21821931422800527710 /* ProjectDico.xcdatamodel */ = {isa = PBXFileReference; lastKnownFileType = wrapper.xcdatamodel; path = ProjectDico.xcdatamodel; sourceTree = "<group>"; };
		D13D21841931422800527710 /* MasterViewController.h */ = {isa = PBXFileReference; lastKnownFileType = sourcecode.c.h; path = MasterViewController.h; sourceTree = "<group>"; };
		D13D21851931422800527710 /* MasterViewController.m */ = {isa = PBXFileReference; lastKnownFileType = sourcecode.c.objc; path = MasterViewController.m; sourceTree = "<group>"; };
		D13D21871931422800527710 /* DetailViewController.h */ = {isa = PBXFileReference; lastKnownFileType = sourcecode.c.h; path = DetailViewController.h; sourceTree = "<group>"; };
		D13D21881931422800527710 /* DetailViewController.m */ = {isa = PBXFileReference; lastKnownFileType = sourcecode.c.objc; path = DetailViewController.m; sourceTree = "<group>"; };
		D13D21901931422800527710 /* ProjectDicoTests.xctest */ = {isa = PBXFileReference; explicitFileType = wrapper.cfbundle; includeInIndex = 0; path = ProjectDicoTests.xctest; sourceTree = BUILT_PRODUCTS_DIR; };
		D13D21911931422800527710 /* XCTest.framework */ = {isa = PBXFileReference; lastKnownFileType = wrapper.framework; name = XCTest.framework; path = Library/Frameworks/XCTest.framework; sourceTree = DEVELOPER_DIR; };
		D13D219A1931422800527710 /* ProjectDicoTests-Info.plist */ = {isa = PBXFileReference; lastKnownFileType = text.plist.xml; path = "ProjectDicoTests-Info.plist"; sourceTree = "<group>"; };
		D13D219C1931422800527710 /* en */ = {isa = PBXFileReference; lastKnownFileType = text.plist.strings; name = en; path = en.lproj/InfoPlist.strings; sourceTree = "<group>"; };
		D13D219E1931422800527710 /* ProjectDicoTests.m */ = {isa = PBXFileReference; lastKnownFileType = sourcecode.c.objc; path = ProjectDicoTests.m; sourceTree = "<group>"; };
		D171D37919316682007F525D /* Parse.framework */ = {isa = PBXFileReference; lastKnownFileType = wrapper.framework; path = Parse.framework; sourceTree = "<group>"; };
		D171D37B193166BA007F525D /* AudioToolbox.framework */ = {isa = PBXFileReference; lastKnownFileType = wrapper.framework; name = AudioToolbox.framework; path = System/Library/Frameworks/AudioToolbox.framework; sourceTree = SDKROOT; };
		D171D37D193166C2007F525D /* CFNetwork.framework */ = {isa = PBXFileReference; lastKnownFileType = wrapper.framework; name = CFNetwork.framework; path = System/Library/Frameworks/CFNetwork.framework; sourceTree = SDKROOT; };
		D171D37F193166D0007F525D /* CoreLocation.framework */ = {isa = PBXFileReference; lastKnownFileType = wrapper.framework; name = CoreLocation.framework; path = System/Library/Frameworks/CoreLocation.framework; sourceTree = SDKROOT; };
		D171D381193166D7007F525D /* libz.dylib */ = {isa = PBXFileReference; lastKnownFileType = "compiled.mach-o.dylib"; name = libz.dylib; path = usr/lib/libz.dylib; sourceTree = SDKROOT; };
		D171D383193166E2007F525D /* MobileCoreServices.framework */ = {isa = PBXFileReference; lastKnownFileType = wrapper.framework; name = MobileCoreServices.framework; path = System/Library/Frameworks/MobileCoreServices.framework; sourceTree = SDKROOT; };
		D171D385193166E8007F525D /* QuartzCore.framework */ = {isa = PBXFileReference; lastKnownFileType = wrapper.framework; name = QuartzCore.framework; path = System/Library/Frameworks/QuartzCore.framework; sourceTree = SDKROOT; };
		D171D387193166EF007F525D /* Security.framework */ = {isa = PBXFileReference; lastKnownFileType = wrapper.framework; name = Security.framework; path = System/Library/Frameworks/Security.framework; sourceTree = SDKROOT; };
		D171D389193166F7007F525D /* StoreKit.framework */ = {isa = PBXFileReference; lastKnownFileType = wrapper.framework; name = StoreKit.framework; path = System/Library/Frameworks/StoreKit.framework; sourceTree = SDKROOT; };
		D171D38B193166FE007F525D /* SystemConfiguration.framework */ = {isa = PBXFileReference; lastKnownFileType = wrapper.framework; name = SystemConfiguration.framework; path = System/Library/Frameworks/SystemConfiguration.framework; sourceTree = SDKROOT; };
		D171D38F19316B1E007F525D /* FacebookSDK.framework */ = {isa = PBXFileReference; lastKnownFileType = wrapper.framework; name = FacebookSDK.framework; path = ../../Documents/FacebookSDK/FacebookSDK.framework; sourceTree = "<group>"; };
		D171D39119316F08007F525D /* LoginViewController.h */ = {isa = PBXFileReference; fileEncoding = 4; lastKnownFileType = sourcecode.c.h; name = LoginViewController.h; path = ../LoginViewController.h; sourceTree = "<group>"; };
		D171D39219316F08007F525D /* LoginViewController.m */ = {isa = PBXFileReference; fileEncoding = 4; lastKnownFileType = sourcecode.c.objc; name = LoginViewController.m; path = ../LoginViewController.m; sourceTree = "<group>"; };
		D171D39519317150007F525D /* UserDetailsViewController.h */ = {isa = PBXFileReference; fileEncoding = 4; lastKnownFileType = sourcecode.c.h; path = UserDetailsViewController.h; sourceTree = "<group>"; };
		D171D39619317150007F525D /* UserDetailsViewController.m */ = {isa = PBXFileReference; fileEncoding = 4; lastKnownFileType = sourcecode.c.objc; path = UserDetailsViewController.m; sourceTree = "<group>"; };
		D17692711932B1D50096A662 /* Constants.h */ = {isa = PBXFileReference; fileEncoding = 4; lastKnownFileType = sourcecode.c.h; path = Constants.h; sourceTree = "<group>"; };
		D17692721932B1D50096A662 /* Constants.m */ = {isa = PBXFileReference; fileEncoding = 4; lastKnownFileType = sourcecode.c.objc; path = Constants.m; sourceTree = "<group>"; };
		D17692761932B60F0096A662 /* Reachability.h */ = {isa = PBXFileReference; fileEncoding = 4; lastKnownFileType = sourcecode.c.h; path = Reachability.h; sourceTree = "<group>"; };
		D17692771932B60F0096A662 /* Reachability.m */ = {isa = PBXFileReference; fileEncoding = 4; lastKnownFileType = sourcecode.c.objc; path = Reachability.m; sourceTree = "<group>"; };
		D17692791932B7AF0096A662 /* WelcomeViewController.h */ = {isa = PBXFileReference; fileEncoding = 4; lastKnownFileType = sourcecode.c.h; path = WelcomeViewController.h; sourceTree = "<group>"; };
		D176927A1932B7AF0096A662 /* WelcomeViewController.m */ = {isa = PBXFileReference; fileEncoding = 4; lastKnownFileType = sourcecode.c.objc; path = WelcomeViewController.m; sourceTree = "<group>"; };
		D176927C1932B82D0096A662 /* Utility.h */ = {isa = PBXFileReference; fileEncoding = 4; lastKnownFileType = sourcecode.c.h; path = Utility.h; sourceTree = "<group>"; };
		D176927D1932B82D0096A662 /* Utility.m */ = {isa = PBXFileReference; fileEncoding = 4; lastKnownFileType = sourcecode.c.objc; path = Utility.m; sourceTree = "<group>"; };
		D176927F1932C3010096A662 /* TabBarController.h */ = {isa = PBXFileReference; fileEncoding = 4; lastKnownFileType = sourcecode.c.h; path = TabBarController.h; sourceTree = "<group>"; };
		D17692801932C3010096A662 /* TabBarController.m */ = {isa = PBXFileReference; fileEncoding = 4; lastKnownFileType = sourcecode.c.objc; path = TabBarController.m; sourceTree = "<group>"; };
		D18A581C19422F44008E3100 /* StarView.h */ = {isa = PBXFileReference; fileEncoding = 4; lastKnownFileType = sourcecode.c.h; path = StarView.h; sourceTree = "<group>"; };
		D18A581D19422F44008E3100 /* StarView.m */ = {isa = PBXFileReference; fileEncoding = 4; lastKnownFileType = sourcecode.c.objc; path = StarView.m; sourceTree = "<group>"; };
		D18A5820194255A8008E3100 /* FeedbackController.h */ = {isa = PBXFileReference; fileEncoding = 4; lastKnownFileType = sourcecode.c.h; path = FeedbackController.h; sourceTree = "<group>"; };
		D18A5821194255A8008E3100 /* FeedbackController.m */ = {isa = PBXFileReference; fileEncoding = 4; lastKnownFileType = sourcecode.c.objc; path = FeedbackController.m; sourceTree = "<group>"; };
		D1A2D6251942ADA100404803 /* ConfirmBookingController.h */ = {isa = PBXFileReference; fileEncoding = 4; lastKnownFileType = sourcecode.c.h; path = ConfirmBookingController.h; sourceTree = "<group>"; };
		D1A2D6261942ADA100404803 /* ConfirmBookingController.m */ = {isa = PBXFileReference; fileEncoding = 4; lastKnownFileType = sourcecode.c.objc; path = ConfirmBookingController.m; sourceTree = "<group>"; };
		D1A9B646193C11880008AE3D /* SubCategory.h */ = {isa = PBXFileReference; fileEncoding = 4; lastKnownFileType = sourcecode.c.h; path = SubCategory.h; sourceTree = "<group>"; };
		D1A9B647193C11880008AE3D /* SubCategory.m */ = {isa = PBXFileReference; fileEncoding = 4; lastKnownFileType = sourcecode.c.objc; path = SubCategory.m; sourceTree = "<group>"; };
		D1BB7628193A838D00679C7E /* Cache.h */ = {isa = PBXFileReference; fileEncoding = 4; lastKnownFileType = sourcecode.c.h; path = Cache.h; sourceTree = "<group>"; };
		D1BB7629193A838D00679C7E /* Cache.m */ = {isa = PBXFileReference; fileEncoding = 4; lastKnownFileType = sourcecode.c.objc; path = Cache.m; sourceTree = "<group>"; };
		D1BB762B193A979300679C7E /* Helper.h */ = {isa = PBXFileReference; fileEncoding = 4; lastKnownFileType = sourcecode.c.h; path = Helper.h; sourceTree = "<group>"; };
		D1BB762C193A979300679C7E /* Helper.m */ = {isa = PBXFileReference; fileEncoding = 4; lastKnownFileType = sourcecode.c.objc; path = Helper.m; sourceTree = "<group>"; };
		D1BB7635193A996600679C7E /* TaskCategory.h */ = {isa = PBXFileReference; fileEncoding = 4; lastKnownFileType = sourcecode.c.h; path = TaskCategory.h; sourceTree = "<group>"; };
		D1BB7636193A996600679C7E /* TaskCategory.m */ = {isa = PBXFileReference; fileEncoding = 4; lastKnownFileType = sourcecode.c.objc; path = TaskCategory.m; sourceTree = "<group>"; };
		D1C6386B1941429D00C65E11 /* PlaceHolderForTextview.h */ = {isa = PBXFileReference; fileEncoding = 4; lastKnownFileType = sourcecode.c.h; path = PlaceHolderForTextview.h; sourceTree = "<group>"; };
		D1C6386C1941429D00C65E11 /* PlaceHolderForTextview.m */ = {isa = PBXFileReference; fileEncoding = 4; lastKnownFileType = sourcecode.c.objc; path = PlaceHolderForTextview.m; sourceTree = "<group>"; };
		D1C6386E1941439700C65E11 /* TypeDetailsViewController.h */ = {isa = PBXFileReference; fileEncoding = 4; lastKnownFileType = sourcecode.c.h; path = TypeDetailsViewController.h; sourceTree = "<group>"; };
		D1C6386F1941439700C65E11 /* TypeDetailsViewController.m */ = {isa = PBXFileReference; fileEncoding = 4; lastKnownFileType = sourcecode.c.objc; path = TypeDetailsViewController.m; sourceTree = "<group>"; };
		D1C638721941726A00C65E11 /* Images.xcassets */ = {isa = PBXFileReference; lastKnownFileType = folder.assetcatalog; path = Images.xcassets; sourceTree = "<group>"; };
		D1C6387419417EB100C65E11 /* takePhoto.h */ = {isa = PBXFileReference; fileEncoding = 4; lastKnownFileType = sourcecode.c.h; path = takePhoto.h; sourceTree = "<group>"; };
		D1C6387519417EB100C65E11 /* takePhoto.m */ = {isa = PBXFileReference; fileEncoding = 4; lastKnownFileType = sourcecode.c.objc; path = takePhoto.m; sourceTree = "<group>"; };
		D1E7C6E819315B500035FCFF /* CategoryTVC.h */ = {isa = PBXFileReference; fileEncoding = 4; lastKnownFileType = sourcecode.c.h; path = CategoryTVC.h; sourceTree = "<group>"; };
		D1E7C6E919315B500035FCFF /* CategoryTVC.m */ = {isa = PBXFileReference; fileEncoding = 4; lastKnownFileType = sourcecode.c.objc; path = CategoryTVC.m; sourceTree = "<group>"; };
		D1E7C6EB19315B650035FCFF /* SubcategoryTVC.h */ = {isa = PBXFileReference; fileEncoding = 4; lastKnownFileType = sourcecode.c.h; path = SubcategoryTVC.h; sourceTree = "<group>"; };
		D1E7C6EC19315B650035FCFF /* SubcategoryTVC.m */ = {isa = PBXFileReference; fileEncoding = 4; lastKnownFileType = sourcecode.c.objc; path = SubcategoryTVC.m; sourceTree = "<group>"; };
/* End PBXFileReference section */

/* Begin PBXFrameworksBuildPhase section */
		D13D21641931422700527710 /* Frameworks */ = {
			isa = PBXFrameworksBuildPhase;
			buildActionMask = 2147483647;
			files = (
				D128579E193E836900C84A9C /* AVFoundation.framework in Frameworks */,
				D171D38C193166FF007F525D /* SystemConfiguration.framework in Frameworks */,
				D171D38A193166F7007F525D /* StoreKit.framework in Frameworks */,
				D171D388193166EF007F525D /* Security.framework in Frameworks */,
				D171D386193166E8007F525D /* QuartzCore.framework in Frameworks */,
				D171D384193166E2007F525D /* MobileCoreServices.framework in Frameworks */,
				D171D382193166D7007F525D /* libz.dylib in Frameworks */,
				D128579C193E835500C84A9C /* Slt.framework in Frameworks */,
				D171D380193166D0007F525D /* CoreLocation.framework in Frameworks */,
				D13D216D1931422800527710 /* CoreGraphics.framework in Frameworks */,
				D171D37E193166C2007F525D /* CFNetwork.framework in Frameworks */,
				D171D37C193166BA007F525D /* AudioToolbox.framework in Frameworks */,
				D13D21711931422800527710 /* CoreData.framework in Frameworks */,
				D128579B193E835500C84A9C /* OpenEars.framework in Frameworks */,
				D171D39019316B1E007F525D /* FacebookSDK.framework in Frameworks */,
				D13D216F1931422800527710 /* UIKit.framework in Frameworks */,
				D13D216B1931422800527710 /* Foundation.framework in Frameworks */,
				D171D37A19316682007F525D /* Parse.framework in Frameworks */,
			);
			runOnlyForDeploymentPostprocessing = 0;
		};
		D13D218D1931422800527710 /* Frameworks */ = {
			isa = PBXFrameworksBuildPhase;
			buildActionMask = 2147483647;
			files = (
				D13D21921931422800527710 /* XCTest.framework in Frameworks */,
				D13D21951931422800527710 /* CoreData.framework in Frameworks */,
				D13D21941931422800527710 /* UIKit.framework in Frameworks */,
				D13D21931931422800527710 /* Foundation.framework in Frameworks */,
			);
			runOnlyForDeploymentPostprocessing = 0;
		};
/* End PBXFrameworksBuildPhase section */

/* Begin PBXGroup section */
		D1285790193E7C7D00C84A9C /* TaskDetailControllers */ = {
			isa = PBXGroup;
			children = (
				D1A2D6251942ADA100404803 /* ConfirmBookingController.h */,
				D1A2D6261942ADA100404803 /* ConfirmBookingController.m */,
				D13D21871931422800527710 /* DetailViewController.h */,
				D13D21881931422800527710 /* DetailViewController.m */,
				D1C6387419417EB100C65E11 /* takePhoto.h */,
				D1C6387519417EB100C65E11 /* takePhoto.m */,
				D128578D193E7C7100C84A9C /* CalendarController.h */,
				D128578E193E7C7100C84A9C /* CalendarController.m */,
				D1285791193E7DE000C84A9C /* CameraController.h */,
				D1285792193E7DE000C84A9C /* CameraController.m */,
				D1C6386E1941439700C65E11 /* TypeDetailsViewController.h */,
				D1C6386F1941439700C65E11 /* TypeDetailsViewController.m */,
				D1C6386B1941429D00C65E11 /* PlaceHolderForTextview.h */,
				D1C6386C1941429D00C65E11 /* PlaceHolderForTextview.m */,
			);
			name = TaskDetailControllers;
			sourceTree = "<group>";
		};
		D1285794193E835500C84A9C /* Framework */ = {
			isa = PBXGroup;
			children = (
				D1285795193E835500C84A9C /* AcousticModelEnglish.bundle */,
				D1285796193E835500C84A9C /* AcousticModelSpanish.bundle */,
				D1285797193E835500C84A9C /* OpenEars.framework */,
				D1285798193E835500C84A9C /* Slt.framework */,
			);
			path = Framework;
			sourceTree = "<group>";
		};
		D12857BD193EBF1700C84A9C /* Calendar */ = {
			isa = PBXGroup;
			children = (
				D12857A5193EBEED00C84A9C /* MNCalendarHeaderView.h */,
				D12857A6193EBEED00C84A9C /* MNCalendarHeaderView.m */,
				D12857A7193EBEED00C84A9C /* MNCalendarView.h */,
				D12857A8193EBEED00C84A9C /* MNCalendarView.m */,
				D12857A9193EBEED00C84A9C /* MNCalendarViewCell.h */,
				D12857AA193EBEED00C84A9C /* MNCalendarViewCell.m */,
				D12857AB193EBEED00C84A9C /* MNCalendarViewDayCell.h */,
				D12857AC193EBEED00C84A9C /* MNCalendarViewDayCell.m */,
				D12857AD193EBEED00C84A9C /* MNCalendarViewLayout.h */,
				D12857AE193EBEED00C84A9C /* MNCalendarViewLayout.m */,
				D12857AF193EBEED00C84A9C /* MNCalendarViewWeekdayCell.h */,
				D12857B0193EBEED00C84A9C /* MNCalendarViewWeekdayCell.m */,
				D12857B1193EBEED00C84A9C /* MNFastDateEnumeration.h */,
				D12857B2193EBEED00C84A9C /* MNFastDateEnumeration.m */,
				D12857B3193EBEED00C84A9C /* NSDate+MNAdditions.h */,
				D12857B4193EBEED00C84A9C /* NSDate+MNAdditions.m */,
			);
			name = Calendar;
			sourceTree = "<group>";
		};
		D13D215E1931422700527710 = {
			isa = PBXGroup;
			children = (
				D13D21721931422800527710 /* ProjectDico */,
				D13D21981931422800527710 /* ProjectDicoTests */,
				D13D21691931422700527710 /* Frameworks */,
				D17692751932B5BD0096A662 /* Vendor */,
				D13D21681931422700527710 /* Products */,
			);
			sourceTree = "<group>";
		};
		D13D21681931422700527710 /* Products */ = {
			isa = PBXGroup;
			children = (
				D13D21671931422700527710 /* ProjectDico.app */,
				D13D21901931422800527710 /* ProjectDicoTests.xctest */,
			);
			name = Products;
			sourceTree = "<group>";
		};
		D13D21691931422700527710 /* Frameworks */ = {
			isa = PBXGroup;
			children = (
				D128579D193E836900C84A9C /* AVFoundation.framework */,
				D1285794193E835500C84A9C /* Framework */,
				D171D38F19316B1E007F525D /* FacebookSDK.framework */,
				D171D38B193166FE007F525D /* SystemConfiguration.framework */,
				D171D389193166F7007F525D /* StoreKit.framework */,
				D171D387193166EF007F525D /* Security.framework */,
				D171D385193166E8007F525D /* QuartzCore.framework */,
				D171D383193166E2007F525D /* MobileCoreServices.framework */,
				D171D381193166D7007F525D /* libz.dylib */,
				D171D37F193166D0007F525D /* CoreLocation.framework */,
				D171D37D193166C2007F525D /* CFNetwork.framework */,
				D171D37B193166BA007F525D /* AudioToolbox.framework */,
				D171D37919316682007F525D /* Parse.framework */,
				D13D216A1931422700527710 /* Foundation.framework */,
				D13D216C1931422800527710 /* CoreGraphics.framework */,
				D13D216E1931422800527710 /* UIKit.framework */,
				D13D21701931422800527710 /* CoreData.framework */,
				D13D21911931422800527710 /* XCTest.framework */,
			);
			name = Frameworks;
			sourceTree = "<group>";
		};
		D13D21721931422800527710 /* ProjectDico */ = {
			isa = PBXGroup;
			children = (
				D18A581F19422F48008E3100 /* Views */,
				D12857BD193EBF1700C84A9C /* Calendar */,
				D1BB7631193A984400679C7E /* Models */,
				D17692741932B1E20096A662 /* Helper */,
				D13D217B1931422800527710 /* AppDelegate.h */,
				D13D217C1931422800527710 /* AppDelegate.m */,
				D13D217E1931422800527710 /* Main.storyboard */,
				D1E7C6EE19315B750035FCFF /* Controllers */,
				D13D21811931422800527710 /* ProjectDico.xcdatamodeld */,
				D1C638721941726A00C65E11 /* Images.xcassets */,
				D13D21731931422800527710 /* Supporting Files */,
			);
			path = ProjectDico;
			sourceTree = "<group>";
		};
		D13D21731931422800527710 /* Supporting Files */ = {
			isa = PBXGroup;
			children = (
				D13D21741931422800527710 /* ProjectDico-Info.plist */,
				D13D21751931422800527710 /* InfoPlist.strings */,
				D13D21781931422800527710 /* main.m */,
				D13D217A1931422800527710 /* ProjectDico-Prefix.pch */,
			);
			name = "Supporting Files";
			sourceTree = "<group>";
		};
		D13D21981931422800527710 /* ProjectDicoTests */ = {
			isa = PBXGroup;
			children = (
				D13D219E1931422800527710 /* ProjectDicoTests.m */,
				D13D21991931422800527710 /* Supporting Files */,
			);
			path = ProjectDicoTests;
			sourceTree = "<group>";
		};
		D13D21991931422800527710 /* Supporting Files */ = {
			isa = PBXGroup;
			children = (
				D13D219A1931422800527710 /* ProjectDicoTests-Info.plist */,
				D13D219B1931422800527710 /* InfoPlist.strings */,
			);
			name = "Supporting Files";
			sourceTree = "<group>";
		};
		D171D39419316F12007F525D /* UserAccounts */ = {
			isa = PBXGroup;
			children = (
				D17692791932B7AF0096A662 /* WelcomeViewController.h */,
				D176927A1932B7AF0096A662 /* WelcomeViewController.m */,
				D171D39119316F08007F525D /* LoginViewController.h */,
				D171D39219316F08007F525D /* LoginViewController.m */,
				D171D39519317150007F525D /* UserDetailsViewController.h */,
				D171D39619317150007F525D /* UserDetailsViewController.m */,
			);
			name = UserAccounts;
			sourceTree = "<group>";
		};
		D17692741932B1E20096A662 /* Helper */ = {
			isa = PBXGroup;
			children = (
				D1BB762B193A979300679C7E /* Helper.h */,
				D1BB762C193A979300679C7E /* Helper.m */,
				D176927C1932B82D0096A662 /* Utility.h */,
				D176927D1932B82D0096A662 /* Utility.m */,
				D17692711932B1D50096A662 /* Constants.h */,
				D17692721932B1D50096A662 /* Constants.m */,
				D1BB7628193A838D00679C7E /* Cache.h */,
				D1BB7629193A838D00679C7E /* Cache.m */,
			);
			name = Helper;
			sourceTree = "<group>";
		};
		D17692751932B5BD0096A662 /* Vendor */ = {
			isa = PBXGroup;
			children = (
				D17692761932B60F0096A662 /* Reachability.h */,
				D17692771932B60F0096A662 /* Reachability.m */,
			);
			name = Vendor;
			sourceTree = "<group>";
		};
		D18A581F19422F48008E3100 /* Views */ = {
			isa = PBXGroup;
			children = (
				D18A581C19422F44008E3100 /* StarView.h */,
				D18A581D19422F44008E3100 /* StarView.m */,
			);
			name = Views;
			sourceTree = "<group>";
		};
		D1BB7631193A984400679C7E /* Models */ = {
			isa = PBXGroup;
			children = (
				D1BB7635193A996600679C7E /* TaskCategory.h */,
				D1BB7636193A996600679C7E /* TaskCategory.m */,
				D1A9B646193C11880008AE3D /* SubCategory.h */,
				D1A9B647193C11880008AE3D /* SubCategory.m */,
			);
			name = Models;
			sourceTree = "<group>";
		};
		D1C6387119414DD000C65E11 /* MainControllers */ = {
			isa = PBXGroup;
			children = (
				D13D21841931422800527710 /* MasterViewController.h */,
				D13D21851931422800527710 /* MasterViewController.m */,
				D1E7C6E819315B500035FCFF /* CategoryTVC.h */,
				D1E7C6E919315B500035FCFF /* CategoryTVC.m */,
				D1E7C6EB19315B650035FCFF /* SubcategoryTVC.h */,
				D1E7C6EC19315B650035FCFF /* SubcategoryTVC.m */,
				D176927F1932C3010096A662 /* TabBarController.h */,
				D17692801932C3010096A662 /* TabBarController.m */,
			);
			name = MainControllers;
			sourceTree = "<group>";
		};
		D1E7C6EE19315B750035FCFF /* Controllers */ = {
			isa = PBXGroup;
			children = (
				D18A5820194255A8008E3100 /* FeedbackController.h */,
				D18A5821194255A8008E3100 /* FeedbackController.m */,
				D171D39419316F12007F525D /* UserAccounts */,
				D1C6387119414DD000C65E11 /* MainControllers */,
				D1285790193E7C7D00C84A9C /* TaskDetailControllers */,
			);
			name = Controllers;
			sourceTree = "<group>";
		};
/* End PBXGroup section */

/* Begin PBXNativeTarget section */
		D13D21661931422700527710 /* ProjectDico */ = {
			isa = PBXNativeTarget;
			buildConfigurationList = D13D21A21931422800527710 /* Build configuration list for PBXNativeTarget "ProjectDico" */;
			buildPhases = (
				D13D21631931422700527710 /* Sources */,
				D13D21641931422700527710 /* Frameworks */,
				D13D21651931422700527710 /* Resources */,
			);
			buildRules = (
			);
			dependencies = (
			);
			name = ProjectDico;
			productName = ProjectDico;
			productReference = D13D21671931422700527710 /* ProjectDico.app */;
			productType = "com.apple.product-type.application";
		};
		D13D218F1931422800527710 /* ProjectDicoTests */ = {
			isa = PBXNativeTarget;
			buildConfigurationList = D13D21A51931422800527710 /* Build configuration list for PBXNativeTarget "ProjectDicoTests" */;
			buildPhases = (
				D13D218C1931422800527710 /* Sources */,
				D13D218D1931422800527710 /* Frameworks */,
				D13D218E1931422800527710 /* Resources */,
			);
			buildRules = (
			);
			dependencies = (
				D13D21971931422800527710 /* PBXTargetDependency */,
			);
			name = ProjectDicoTests;
			productName = ProjectDicoTests;
			productReference = D13D21901931422800527710 /* ProjectDicoTests.xctest */;
			productType = "com.apple.product-type.bundle.unit-test";
		};
/* End PBXNativeTarget section */

/* Begin PBXProject section */
		D13D215F1931422700527710 /* Project object */ = {
			isa = PBXProject;
			attributes = {
				LastUpgradeCheck = 0510;
				ORGANIZATIONNAME = ProjectDico;
				TargetAttributes = {
					D13D21661931422700527710 = {
						DevelopmentTeam = FUTU96J3U9;
					};
					D13D218F1931422800527710 = {
						TestTargetID = D13D21661931422700527710;
					};
				};
			};
			buildConfigurationList = D13D21621931422700527710 /* Build configuration list for PBXProject "ProjectDico" */;
			compatibilityVersion = "Xcode 3.2";
			developmentRegion = English;
			hasScannedForEncodings = 0;
			knownRegions = (
				en,
				Base,
			);
			mainGroup = D13D215E1931422700527710;
			productRefGroup = D13D21681931422700527710 /* Products */;
			projectDirPath = "";
			projectRoot = "";
			targets = (
				D13D21661931422700527710 /* ProjectDico */,
				D13D218F1931422800527710 /* ProjectDicoTests */,
			);
		};
/* End PBXProject section */

/* Begin PBXResourcesBuildPhase section */
		D13D21651931422700527710 /* Resources */ = {
			isa = PBXResourcesBuildPhase;
			buildActionMask = 2147483647;
			files = (
				D128579A193E835500C84A9C /* AcousticModelSpanish.bundle in Resources */,
				D1C638731941726A00C65E11 /* Images.xcassets in Resources */,
				D1285799193E835500C84A9C /* AcousticModelEnglish.bundle in Resources */,
				D13D21771931422800527710 /* InfoPlist.strings in Resources */,
				D13D21801931422800527710 /* Main.storyboard in Resources */,
			);
			runOnlyForDeploymentPostprocessing = 0;
		};
		D13D218E1931422800527710 /* Resources */ = {
			isa = PBXResourcesBuildPhase;
			buildActionMask = 2147483647;
			files = (
				D13D219D1931422800527710 /* InfoPlist.strings in Resources */,
			);
			runOnlyForDeploymentPostprocessing = 0;
		};
/* End PBXResourcesBuildPhase section */

/* Begin PBXSourcesBuildPhase section */
		D13D21631931422700527710 /* Sources */ = {
			isa = PBXSourcesBuildPhase;
			buildActionMask = 2147483647;
			files = (
				D12857BC193EBEED00C84A9C /* NSDate+MNAdditions.m in Sources */,
				D12857B6193EBEED00C84A9C /* MNCalendarView.m in Sources */,
				D171D39319316F08007F525D /* LoginViewController.m in Sources */,
				D13D21891931422800527710 /* DetailViewController.m in Sources */,
				D1E7C6ED19315B650035FCFF /* SubcategoryTVC.m in Sources */,
				D1BB762D193A979300679C7E /* Helper.m in Sources */,
				D1A2D6271942ADA100404803 /* ConfirmBookingController.m in Sources */,
				D1C638701941439700C65E11 /* TypeDetailsViewController.m in Sources */,
				D17692781932B60F0096A662 /* Reachability.m in Sources */,
				D12857B8193EBEED00C84A9C /* MNCalendarViewDayCell.m in Sources */,
				D1E7C6EA19315B500035FCFF /* CategoryTVC.m in Sources */,
				D12857B7193EBEED00C84A9C /* MNCalendarViewCell.m in Sources */,
				D176927B1932B7AF0096A662 /* WelcomeViewController.m in Sources */,
				D1BB7637193A996600679C7E /* TaskCategory.m in Sources */,
				D13D21861931422800527710 /* MasterViewController.m in Sources */,
				D17692811932C3010096A662 /* TabBarController.m in Sources */,
				D1C6386D1941429D00C65E11 /* PlaceHolderForTextview.m in Sources */,
				D1C6387619417EB100C65E11 /* takePhoto.m in Sources */,
				D1285793193E7DE000C84A9C /* CameraController.m in Sources */,
				D17692731932B1D50096A662 /* Constants.m in Sources */,
				D13D217D1931422800527710 /* AppDelegate.m in Sources */,
				D12857B5193EBEED00C84A9C /* MNCalendarHeaderView.m in Sources */,
				D13D21831931422800527710 /* ProjectDico.xcdatamodeld in Sources */,
				D171D39719317150007F525D /* UserDetailsViewController.m in Sources */,
				D12857BB193EBEED00C84A9C /* MNFastDateEnumeration.m in Sources */,
				D1BB762A193A838D00679C7E /* Cache.m in Sources */,
				D13D21791931422800527710 /* main.m in Sources */,
				D18A581E19422F44008E3100 /* StarView.m in Sources */,
				D128578F193E7C7100C84A9C /* CalendarController.m in Sources */,
				D1A9B648193C11880008AE3D /* SubCategory.m in Sources */,
				D12857BA193EBEED00C84A9C /* MNCalendarViewWeekdayCell.m in Sources */,
				D176927E1932B82D0096A662 /* Utility.m in Sources */,
				D18A5822194255A8008E3100 /* FeedbackController.m in Sources */,
				D12857B9193EBEED00C84A9C /* MNCalendarViewLayout.m in Sources */,
			);
			runOnlyForDeploymentPostprocessing = 0;
		};
		D13D218C1931422800527710 /* Sources */ = {
			isa = PBXSourcesBuildPhase;
			buildActionMask = 2147483647;
			files = (
				D13D219F1931422800527710 /* ProjectDicoTests.m in Sources */,
			);
			runOnlyForDeploymentPostprocessing = 0;
		};
/* End PBXSourcesBuildPhase section */

/* Begin PBXTargetDependency section */
		D13D21971931422800527710 /* PBXTargetDependency */ = {
			isa = PBXTargetDependency;
			target = D13D21661931422700527710 /* ProjectDico */;
			targetProxy = D13D21961931422800527710 /* PBXContainerItemProxy */;
		};
/* End PBXTargetDependency section */

/* Begin PBXVariantGroup section */
		D13D21751931422800527710 /* InfoPlist.strings */ = {
			isa = PBXVariantGroup;
			children = (
				D13D21761931422800527710 /* en */,
			);
			name = InfoPlist.strings;
			sourceTree = "<group>";
		};
		D13D217E1931422800527710 /* Main.storyboard */ = {
			isa = PBXVariantGroup;
			children = (
				D13D217F1931422800527710 /* Base */,
			);
			name = Main.storyboard;
			sourceTree = "<group>";
		};
		D13D219B1931422800527710 /* InfoPlist.strings */ = {
			isa = PBXVariantGroup;
			children = (
				D13D219C1931422800527710 /* en */,
			);
			name = InfoPlist.strings;
			sourceTree = "<group>";
		};
/* End PBXVariantGroup section */

/* Begin XCBuildConfiguration section */
		D13D21A01931422800527710 /* Debug */ = {
			isa = XCBuildConfiguration;
			buildSettings = {
				ALWAYS_SEARCH_USER_PATHS = NO;
				CLANG_CXX_LANGUAGE_STANDARD = "gnu++0x";
				CLANG_CXX_LIBRARY = "libc++";
				CLANG_ENABLE_MODULES = YES;
				CLANG_ENABLE_OBJC_ARC = YES;
				CLANG_WARN_BOOL_CONVERSION = YES;
				CLANG_WARN_CONSTANT_CONVERSION = YES;
				CLANG_WARN_DIRECT_OBJC_ISA_USAGE = YES_ERROR;
				CLANG_WARN_EMPTY_BODY = YES;
				CLANG_WARN_ENUM_CONVERSION = YES;
				CLANG_WARN_INT_CONVERSION = YES;
				CLANG_WARN_OBJC_ROOT_CLASS = YES_ERROR;
				CLANG_WARN__DUPLICATE_METHOD_MATCH = YES;
				"CODE_SIGN_IDENTITY[sdk=iphoneos*]" = "iPhone Developer";
				COPY_PHASE_STRIP = NO;
				GCC_C_LANGUAGE_STANDARD = gnu99;
				GCC_DYNAMIC_NO_PIC = NO;
				GCC_OPTIMIZATION_LEVEL = 0;
				GCC_PREPROCESSOR_DEFINITIONS = (
					"DEBUG=1",
					"$(inherited)",
				);
				GCC_SYMBOLS_PRIVATE_EXTERN = NO;
				GCC_WARN_64_TO_32_BIT_CONVERSION = YES;
				GCC_WARN_ABOUT_RETURN_TYPE = YES_ERROR;
				GCC_WARN_UNDECLARED_SELECTOR = YES;
				GCC_WARN_UNINITIALIZED_AUTOS = YES_AGGRESSIVE;
				GCC_WARN_UNUSED_FUNCTION = YES;
				GCC_WARN_UNUSED_VARIABLE = YES;
				IPHONEOS_DEPLOYMENT_TARGET = 7.1;
				ONLY_ACTIVE_ARCH = YES;
				SDKROOT = iphoneos;
			};
			name = Debug;
		};
		D13D21A11931422800527710 /* Release */ = {
			isa = XCBuildConfiguration;
			buildSettings = {
				ALWAYS_SEARCH_USER_PATHS = NO;
				CLANG_CXX_LANGUAGE_STANDARD = "gnu++0x";
				CLANG_CXX_LIBRARY = "libc++";
				CLANG_ENABLE_MODULES = YES;
				CLANG_ENABLE_OBJC_ARC = YES;
				CLANG_WARN_BOOL_CONVERSION = YES;
				CLANG_WARN_CONSTANT_CONVERSION = YES;
				CLANG_WARN_DIRECT_OBJC_ISA_USAGE = YES_ERROR;
				CLANG_WARN_EMPTY_BODY = YES;
				CLANG_WARN_ENUM_CONVERSION = YES;
				CLANG_WARN_INT_CONVERSION = YES;
				CLANG_WARN_OBJC_ROOT_CLASS = YES_ERROR;
				CLANG_WARN__DUPLICATE_METHOD_MATCH = YES;
				"CODE_SIGN_IDENTITY[sdk=iphoneos*]" = "iPhone Developer";
				COPY_PHASE_STRIP = YES;
				ENABLE_NS_ASSERTIONS = NO;
				GCC_C_LANGUAGE_STANDARD = gnu99;
				GCC_WARN_64_TO_32_BIT_CONVERSION = YES;
				GCC_WARN_ABOUT_RETURN_TYPE = YES_ERROR;
				GCC_WARN_UNDECLARED_SELECTOR = YES;
				GCC_WARN_UNINITIALIZED_AUTOS = YES_AGGRESSIVE;
				GCC_WARN_UNUSED_FUNCTION = YES;
				GCC_WARN_UNUSED_VARIABLE = YES;
				IPHONEOS_DEPLOYMENT_TARGET = 7.1;
				SDKROOT = iphoneos;
				VALIDATE_PRODUCT = YES;
			};
			name = Release;
		};
		D13D21A31931422800527710 /* Debug */ = {
			isa = XCBuildConfiguration;
			buildSettings = {
				ASSETCATALOG_COMPILER_APPICON_NAME = AppIcon;
				ASSETCATALOG_COMPILER_LAUNCHIMAGE_NAME = LaunchImage;
				CODE_SIGN_IDENTITY = "iPhone Developer";
				"CODE_SIGN_IDENTITY[sdk=iphoneos*]" = "iPhone Developer";
				FRAMEWORK_SEARCH_PATHS = (
					"$(inherited)",
					"$(PROJECT_DIR)",
					/Users/nicolezhu/Documents/FacebookSDK,
					"$(PROJECT_DIR)/Framework",
				);
				GCC_PRECOMPILE_PREFIX_HEADER = YES;
				GCC_PREFIX_HEADER = "ProjectDico/ProjectDico-Prefix.pch";
				INFOPLIST_FILE = "ProjectDico/ProjectDico-Info.plist";
				PRODUCT_NAME = "$(TARGET_NAME)";
				PROVISIONING_PROFILE = "";
				WRAPPER_EXTENSION = app;
			};
			name = Debug;
		};
		D13D21A41931422800527710 /* Release */ = {
			isa = XCBuildConfiguration;
			buildSettings = {
				ASSETCATALOG_COMPILER_APPICON_NAME = AppIcon;
				ASSETCATALOG_COMPILER_LAUNCHIMAGE_NAME = LaunchImage;
				CODE_SIGN_IDENTITY = "iPhone Developer";
				"CODE_SIGN_IDENTITY[sdk=iphoneos*]" = "iPhone Developer";
				FRAMEWORK_SEARCH_PATHS = (
					"$(inherited)",
					"$(PROJECT_DIR)",
					/Users/nicolezhu/Documents/FacebookSDK,
					"$(PROJECT_DIR)/Framework",
				);
				GCC_PRECOMPILE_PREFIX_HEADER = YES;
				GCC_PREFIX_HEADER = "ProjectDico/ProjectDico-Prefix.pch";
				INFOPLIST_FILE = "ProjectDico/ProjectDico-Info.plist";
				PRODUCT_NAME = "$(TARGET_NAME)";
				PROVISIONING_PROFILE = "";
				WRAPPER_EXTENSION = app;
			};
			name = Release;
		};
		D13D21A61931422800527710 /* Debug */ = {
			isa = XCBuildConfiguration;
			buildSettings = {
				BUNDLE_LOADER = "$(BUILT_PRODUCTS_DIR)/ProjectDico.app/ProjectDico";
				FRAMEWORK_SEARCH_PATHS = (
					"$(SDKROOT)/Developer/Library/Frameworks",
					"$(inherited)",
					"$(DEVELOPER_FRAMEWORKS_DIR)",
				);
				GCC_PRECOMPILE_PREFIX_HEADER = YES;
				GCC_PREFIX_HEADER = "ProjectDico/ProjectDico-Prefix.pch";
				GCC_PREPROCESSOR_DEFINITIONS = (
					"DEBUG=1",
					"$(inherited)",
				);
				INFOPLIST_FILE = "ProjectDicoTests/ProjectDicoTests-Info.plist";
				PRODUCT_NAME = "$(TARGET_NAME)";
				TEST_HOST = "$(BUNDLE_LOADER)";
				WRAPPER_EXTENSION = xctest;
			};
			name = Debug;
		};
		D13D21A71931422800527710 /* Release */ = {
			isa = XCBuildConfiguration;
			buildSettings = {
				BUNDLE_LOADER = "$(BUILT_PRODUCTS_DIR)/ProjectDico.app/ProjectDico";
				FRAMEWORK_SEARCH_PATHS = (
					"$(SDKROOT)/Developer/Library/Frameworks",
					"$(inherited)",
					"$(DEVELOPER_FRAMEWORKS_DIR)",
				);
				GCC_PRECOMPILE_PREFIX_HEADER = YES;
				GCC_PREFIX_HEADER = "ProjectDico/ProjectDico-Prefix.pch";
				INFOPLIST_FILE = "ProjectDicoTests/ProjectDicoTests-Info.plist";
				PRODUCT_NAME = "$(TARGET_NAME)";
				TEST_HOST = "$(BUNDLE_LOADER)";
				WRAPPER_EXTENSION = xctest;
			};
			name = Release;
		};
/* End XCBuildConfiguration section */

/* Begin XCConfigurationList section */
		D13D21621931422700527710 /* Build configuration list for PBXProject "ProjectDico" */ = {
			isa = XCConfigurationList;
			buildConfigurations = (
				D13D21A01931422800527710 /* Debug */,
				D13D21A11931422800527710 /* Release */,
			);
			defaultConfigurationIsVisible = 0;
			defaultConfigurationName = Release;
		};
		D13D21A21931422800527710 /* Build configuration list for PBXNativeTarget "ProjectDico" */ = {
			isa = XCConfigurationList;
			buildConfigurations = (
				D13D21A31931422800527710 /* Debug */,
				D13D21A41931422800527710 /* Release */,
			);
			defaultConfigurationIsVisible = 0;
			defaultConfigurationName = Release;
		};
		D13D21A51931422800527710 /* Build configuration list for PBXNativeTarget "ProjectDicoTests" */ = {
			isa = XCConfigurationList;
			buildConfigurations = (
				D13D21A61931422800527710 /* Debug */,
				D13D21A71931422800527710 /* Release */,
			);
			defaultConfigurationIsVisible = 0;
			defaultConfigurationName = Release;
		};
/* End XCConfigurationList section */

/* Begin XCVersionGroup section */
		D13D21811931422800527710 /* ProjectDico.xcdatamodeld */ = {
			isa = XCVersionGroup;
			children = (
				D13D21821931422800527710 /* ProjectDico.xcdatamodel */,
			);
			currentVersion = D13D21821931422800527710 /* ProjectDico.xcdatamodel */;
			path = ProjectDico.xcdatamodeld;
			sourceTree = "<group>";
			versionGroupType = wrapper.xcdatamodel;
		};
/* End XCVersionGroup section */
	};
	rootObject = D13D215F1931422700527710 /* Project object */;
}
